
Microsoft Visual Studio Solution File, Format Version 12.00
# Visual Studio 2013
VisualStudioVersion = 12.0.31101.0
MinimumVisualStudioVersion = 10.0.40219.1
Project("{FAE04EC0-301F-11D3-BF4B-00C04F79EFBC}") = "Trex.Framework.Core", "Trex.Framework.Core\Trex.Framework.Core.csproj", "{42076C76-8E1C-460E-9D72-898ED5FB33CB}"
EndProject
Project("{2150E333-8FDC-42A3-9474-1A3956D46DE8}") = ".Forms.Controls", ".Forms.Controls", "{6B8CD9FB-0EA7-4889-B5BA-1C1E8D717457}"
EndProject
Project("{2150E333-8FDC-42A3-9474-1A3956D46DE8}") = ".Service", ".Service", "{B82594FF-9959-4E3A-86D6-19EE17B4B466}"
EndProject
Project("{FAE04EC0-301F-11D3-BF4B-00C04F79EFBC}") = "Trex.Framework.Service.WinPhone", "Trex.Framework.Service\Trex.Framework.Service.WinPhone\Trex.Framework.Service.WinPhone.csproj", "{A2C7F1E8-AF8C-400E-95B5-2BF007E905CE}"
EndProject
Project("{FAE04EC0-301F-11D3-BF4B-00C04F79EFBC}") = "Trex.Framework.Controls.WinPhone", "Trex.Framework.Controls\Trex.Framework.Controls.WinPhone\Trex.Framework.Controls.WinPhone.csproj", "{21374BBA-1987-4FF0-A22E-E7F847E95C72}"
EndProject
Project("{FAE04EC0-301F-11D3-BF4B-00C04F79EFBC}") = "Trex.Framework.Controls", "Trex.Framework.Controls\Trex.Framework.Controls\Trex.Framework.Controls.csproj", "{67F9D3A8-F71E-4428-913F-C37AE82CDB24}"
EndProject
Project("{2150E333-8FDC-42A3-9474-1A3956D46DE8}") = ".nuget", ".nuget", "{4EC2C23B-22DE-4C58-96A1-319A787528E4}"
	ProjectSection(SolutionItems) = preProject
		.nuget\NuGet.Config = .nuget\NuGet.Config
		.nuget\NuGet.exe = .nuget\NuGet.exe
		.nuget\NuGet.targets = .nuget\NuGet.targets
	EndProjectSection
EndProject
Project("{FAE04EC0-301F-11D3-BF4B-00C04F79EFBC}") = "Trex.Framework.Service.iOS", "Trex.Framework.Service\Trex.Framework.Service.iOS\Trex.Framework.Service.iOS.csproj", "{8ABCF5B5-02DD-407F-BA4C-36B1B016508A}"
EndProject
Project("{FAE04EC0-301F-11D3-BF4B-00C04F79EFBC}") = "Trex.Framework.Controls.iOS", "Trex.Framework.Controls\Trex.Framework.Controls.iOS\Trex.Framework.Controls.iOS.csproj", "{E3AAB956-B5AF-4ABD-BE9A-8C4F2A6ED467}"
EndProject
Project("{2150E333-8FDC-42A3-9474-1A3956D46DE8}") = ".Test", ".Test", "{107F521B-FCE8-4228-9FEC-119FAC0B1C60}"
EndProject
Project("{FAE04EC0-301F-11D3-BF4B-00C04F79EFBC}") = "Framework.Test.Droid", "Framework.Test\Framework.Test.Droid\Framework.Test.Droid.csproj", "{256ECBCB-BEFA-4D03-B82F-CEBEFC8EB6CE}"
EndProject
Project("{FAE04EC0-301F-11D3-BF4B-00C04F79EFBC}") = "Framework.Test", "Framework.Test\Framework.Test\Framework.Test.csproj", "{31D94055-DA1E-43D0-AD3E-81115AA86DBC}"
EndProject
Project("{FAE04EC0-301F-11D3-BF4B-00C04F79EFBC}") = "Trex.Framework.Service.Droid", "Trex.Framework.Service\Trex.Framework.Service.Droid\Trex.Framework.Service.Droid.csproj", "{BA8522FB-1FD6-4F26-843A-E8EBACDDCB53}"
EndProject
Project("{FAE04EC0-301F-11D3-BF4B-00C04F79EFBC}") = "Trex.Framework.Controls.Droid", "Trex.Framework.Controls\Trex.Framework.Controls.Droid\Trex.Framework.Controls.Droid.csproj", "{E29D082E-73A6-41B7-9F17-8638F6159619}"
EndProject
Global
	GlobalSection(SolutionConfigurationPlatforms) = preSolution
		Ad-Hoc|Any CPU = Ad-Hoc|Any CPU
		Ad-Hoc|ARM = Ad-Hoc|ARM
		Ad-Hoc|iPhone = Ad-Hoc|iPhone
		Ad-Hoc|iPhoneSimulator = Ad-Hoc|iPhoneSimulator
		Ad-Hoc|Mixed Platforms = Ad-Hoc|Mixed Platforms
		Ad-Hoc|x86 = Ad-Hoc|x86
		AppStore|Any CPU = AppStore|Any CPU
		AppStore|ARM = AppStore|ARM
		AppStore|iPhone = AppStore|iPhone
		AppStore|iPhoneSimulator = AppStore|iPhoneSimulator
		AppStore|Mixed Platforms = AppStore|Mixed Platforms
		AppStore|x86 = AppStore|x86
		Debug|Any CPU = Debug|Any CPU
		Debug|ARM = Debug|ARM
		Debug|iPhone = Debug|iPhone
		Debug|iPhoneSimulator = Debug|iPhoneSimulator
		Debug|Mixed Platforms = Debug|Mixed Platforms
		Debug|x86 = Debug|x86
		Release|Any CPU = Release|Any CPU
		Release|ARM = Release|ARM
		Release|iPhone = Release|iPhone
		Release|iPhoneSimulator = Release|iPhoneSimulator
		Release|Mixed Platforms = Release|Mixed Platforms
		Release|x86 = Release|x86
	EndGlobalSection
	GlobalSection(ProjectConfigurationPlatforms) = postSolution
		{42076C76-8E1C-460E-9D72-898ED5FB33CB}.Ad-Hoc|Any CPU.ActiveCfg = Release|Any CPU
		{42076C76-8E1C-460E-9D72-898ED5FB33CB}.Ad-Hoc|Any CPU.Build.0 = Release|Any CPU
		{42076C76-8E1C-460E-9D72-898ED5FB33CB}.Ad-Hoc|ARM.ActiveCfg = Release|Any CPU
		{42076C76-8E1C-460E-9D72-898ED5FB33CB}.Ad-Hoc|iPhone.ActiveCfg = Release|Any CPU
		{42076C76-8E1C-460E-9D72-898ED5FB33CB}.Ad-Hoc|iPhoneSimulator.ActiveCfg = Release|Any CPU
		{42076C76-8E1C-460E-9D72-898ED5FB33CB}.Ad-Hoc|Mixed Platforms.ActiveCfg = Release|Any CPU
		{42076C76-8E1C-460E-9D72-898ED5FB33CB}.Ad-Hoc|Mixed Platforms.Build.0 = Release|Any CPU
		{42076C76-8E1C-460E-9D72-898ED5FB33CB}.Ad-Hoc|x86.ActiveCfg = Release|Any CPU
		{42076C76-8E1C-460E-9D72-898ED5FB33CB}.AppStore|Any CPU.ActiveCfg = Release|Any CPU
		{42076C76-8E1C-460E-9D72-898ED5FB33CB}.AppStore|Any CPU.Build.0 = Release|Any CPU
		{42076C76-8E1C-460E-9D72-898ED5FB33CB}.AppStore|ARM.ActiveCfg = Release|Any CPU
		{42076C76-8E1C-460E-9D72-898ED5FB33CB}.AppStore|iPhone.ActiveCfg = Release|Any CPU
		{42076C76-8E1C-460E-9D72-898ED5FB33CB}.AppStore|iPhoneSimulator.ActiveCfg = Release|Any CPU
		{42076C76-8E1C-460E-9D72-898ED5FB33CB}.AppStore|Mixed Platforms.ActiveCfg = Release|Any CPU
		{42076C76-8E1C-460E-9D72-898ED5FB33CB}.AppStore|Mixed Platforms.Build.0 = Release|Any CPU
		{42076C76-8E1C-460E-9D72-898ED5FB33CB}.AppStore|x86.ActiveCfg = Release|Any CPU
		{42076C76-8E1C-460E-9D72-898ED5FB33CB}.Debug|Any CPU.ActiveCfg = Debug|Any CPU
		{42076C76-8E1C-460E-9D72-898ED5FB33CB}.Debug|Any CPU.Build.0 = Debug|Any CPU
		{42076C76-8E1C-460E-9D72-898ED5FB33CB}.Debug|ARM.ActiveCfg = Debug|Any CPU
		{42076C76-8E1C-460E-9D72-898ED5FB33CB}.Debug|iPhone.ActiveCfg = Debug|Any CPU
		{42076C76-8E1C-460E-9D72-898ED5FB33CB}.Debug|iPhoneSimulator.ActiveCfg = Debug|Any CPU
		{42076C76-8E1C-460E-9D72-898ED5FB33CB}.Debug|Mixed Platforms.ActiveCfg = Debug|Any CPU
		{42076C76-8E1C-460E-9D72-898ED5FB33CB}.Debug|Mixed Platforms.Build.0 = Debug|Any CPU
		{42076C76-8E1C-460E-9D72-898ED5FB33CB}.Debug|x86.ActiveCfg = Debug|Any CPU
		{42076C76-8E1C-460E-9D72-898ED5FB33CB}.Release|Any CPU.ActiveCfg = Release|Any CPU
		{42076C76-8E1C-460E-9D72-898ED5FB33CB}.Release|Any CPU.Build.0 = Release|Any CPU
		{42076C76-8E1C-460E-9D72-898ED5FB33CB}.Release|ARM.ActiveCfg = Release|Any CPU
		{42076C76-8E1C-460E-9D72-898ED5FB33CB}.Release|iPhone.ActiveCfg = Release|Any CPU
		{42076C76-8E1C-460E-9D72-898ED5FB33CB}.Release|iPhoneSimulator.ActiveCfg = Release|Any CPU
		{42076C76-8E1C-460E-9D72-898ED5FB33CB}.Release|Mixed Platforms.ActiveCfg = Release|Any CPU
		{42076C76-8E1C-460E-9D72-898ED5FB33CB}.Release|Mixed Platforms.Build.0 = Release|Any CPU
		{42076C76-8E1C-460E-9D72-898ED5FB33CB}.Release|x86.ActiveCfg = Release|Any CPU
		{A2C7F1E8-AF8C-400E-95B5-2BF007E905CE}.Ad-Hoc|Any CPU.ActiveCfg = Release|Any CPU
		{A2C7F1E8-AF8C-400E-95B5-2BF007E905CE}.Ad-Hoc|Any CPU.Build.0 = Release|Any CPU
		{A2C7F1E8-AF8C-400E-95B5-2BF007E905CE}.Ad-Hoc|Any CPU.Deploy.0 = Release|Any CPU
		{A2C7F1E8-AF8C-400E-95B5-2BF007E905CE}.Ad-Hoc|ARM.ActiveCfg = Release|ARM
		{A2C7F1E8-AF8C-400E-95B5-2BF007E905CE}.Ad-Hoc|ARM.Build.0 = Release|ARM
		{A2C7F1E8-AF8C-400E-95B5-2BF007E905CE}.Ad-Hoc|ARM.Deploy.0 = Release|ARM
		{A2C7F1E8-AF8C-400E-95B5-2BF007E905CE}.Ad-Hoc|iPhone.ActiveCfg = Release|Any CPU
		{A2C7F1E8-AF8C-400E-95B5-2BF007E905CE}.Ad-Hoc|iPhoneSimulator.ActiveCfg = Release|Any CPU
		{A2C7F1E8-AF8C-400E-95B5-2BF007E905CE}.Ad-Hoc|Mixed Platforms.ActiveCfg = Release|x86
		{A2C7F1E8-AF8C-400E-95B5-2BF007E905CE}.Ad-Hoc|Mixed Platforms.Build.0 = Release|x86
		{A2C7F1E8-AF8C-400E-95B5-2BF007E905CE}.Ad-Hoc|Mixed Platforms.Deploy.0 = Release|x86
		{A2C7F1E8-AF8C-400E-95B5-2BF007E905CE}.Ad-Hoc|x86.ActiveCfg = Release|x86
		{A2C7F1E8-AF8C-400E-95B5-2BF007E905CE}.Ad-Hoc|x86.Build.0 = Release|x86
		{A2C7F1E8-AF8C-400E-95B5-2BF007E905CE}.Ad-Hoc|x86.Deploy.0 = Release|x86
		{A2C7F1E8-AF8C-400E-95B5-2BF007E905CE}.AppStore|Any CPU.ActiveCfg = Release|Any CPU
		{A2C7F1E8-AF8C-400E-95B5-2BF007E905CE}.AppStore|Any CPU.Build.0 = Release|Any CPU
		{A2C7F1E8-AF8C-400E-95B5-2BF007E905CE}.AppStore|Any CPU.Deploy.0 = Release|Any CPU
		{A2C7F1E8-AF8C-400E-95B5-2BF007E905CE}.AppStore|ARM.ActiveCfg = Release|ARM
		{A2C7F1E8-AF8C-400E-95B5-2BF007E905CE}.AppStore|ARM.Build.0 = Release|ARM
		{A2C7F1E8-AF8C-400E-95B5-2BF007E905CE}.AppStore|ARM.Deploy.0 = Release|ARM
		{A2C7F1E8-AF8C-400E-95B5-2BF007E905CE}.AppStore|iPhone.ActiveCfg = Release|Any CPU
		{A2C7F1E8-AF8C-400E-95B5-2BF007E905CE}.AppStore|iPhoneSimulator.ActiveCfg = Release|Any CPU
		{A2C7F1E8-AF8C-400E-95B5-2BF007E905CE}.AppStore|Mixed Platforms.ActiveCfg = Release|x86
		{A2C7F1E8-AF8C-400E-95B5-2BF007E905CE}.AppStore|Mixed Platforms.Build.0 = Release|x86
		{A2C7F1E8-AF8C-400E-95B5-2BF007E905CE}.AppStore|Mixed Platforms.Deploy.0 = Release|x86
		{A2C7F1E8-AF8C-400E-95B5-2BF007E905CE}.AppStore|x86.ActiveCfg = Release|x86
		{A2C7F1E8-AF8C-400E-95B5-2BF007E905CE}.AppStore|x86.Build.0 = Release|x86
		{A2C7F1E8-AF8C-400E-95B5-2BF007E905CE}.AppStore|x86.Deploy.0 = Release|x86
		{A2C7F1E8-AF8C-400E-95B5-2BF007E905CE}.Debug|Any CPU.ActiveCfg = Debug|Any CPU
		{A2C7F1E8-AF8C-400E-95B5-2BF007E905CE}.Debug|Any CPU.Build.0 = Debug|Any CPU
		{A2C7F1E8-AF8C-400E-95B5-2BF007E905CE}.Debug|Any CPU.Deploy.0 = Debug|Any CPU
		{A2C7F1E8-AF8C-400E-95B5-2BF007E905CE}.Debug|ARM.ActiveCfg = Debug|ARM
		{A2C7F1E8-AF8C-400E-95B5-2BF007E905CE}.Debug|ARM.Build.0 = Debug|ARM
		{A2C7F1E8-AF8C-400E-95B5-2BF007E905CE}.Debug|ARM.Deploy.0 = Debug|ARM
		{A2C7F1E8-AF8C-400E-95B5-2BF007E905CE}.Debug|iPhone.ActiveCfg = Debug|Any CPU
		{A2C7F1E8-AF8C-400E-95B5-2BF007E905CE}.Debug|iPhoneSimulator.ActiveCfg = Debug|Any CPU
		{A2C7F1E8-AF8C-400E-95B5-2BF007E905CE}.Debug|Mixed Platforms.ActiveCfg = Debug|x86
		{A2C7F1E8-AF8C-400E-95B5-2BF007E905CE}.Debug|Mixed Platforms.Build.0 = Debug|x86
		{A2C7F1E8-AF8C-400E-95B5-2BF007E905CE}.Debug|Mixed Platforms.Deploy.0 = Debug|x86
		{A2C7F1E8-AF8C-400E-95B5-2BF007E905CE}.Debug|x86.ActiveCfg = Debug|x86
		{A2C7F1E8-AF8C-400E-95B5-2BF007E905CE}.Debug|x86.Build.0 = Debug|x86
		{A2C7F1E8-AF8C-400E-95B5-2BF007E905CE}.Debug|x86.Deploy.0 = Debug|x86
		{A2C7F1E8-AF8C-400E-95B5-2BF007E905CE}.Release|Any CPU.ActiveCfg = Release|Any CPU
		{A2C7F1E8-AF8C-400E-95B5-2BF007E905CE}.Release|Any CPU.Build.0 = Release|Any CPU
		{A2C7F1E8-AF8C-400E-95B5-2BF007E905CE}.Release|Any CPU.Deploy.0 = Release|Any CPU
		{A2C7F1E8-AF8C-400E-95B5-2BF007E905CE}.Release|ARM.ActiveCfg = Release|ARM
		{A2C7F1E8-AF8C-400E-95B5-2BF007E905CE}.Release|ARM.Build.0 = Release|ARM
		{A2C7F1E8-AF8C-400E-95B5-2BF007E905CE}.Release|ARM.Deploy.0 = Release|ARM
		{A2C7F1E8-AF8C-400E-95B5-2BF007E905CE}.Release|iPhone.ActiveCfg = Release|Any CPU
		{A2C7F1E8-AF8C-400E-95B5-2BF007E905CE}.Release|iPhoneSimulator.ActiveCfg = Release|Any CPU
		{A2C7F1E8-AF8C-400E-95B5-2BF007E905CE}.Release|Mixed Platforms.ActiveCfg = Release|x86
		{A2C7F1E8-AF8C-400E-95B5-2BF007E905CE}.Release|Mixed Platforms.Build.0 = Release|x86
		{A2C7F1E8-AF8C-400E-95B5-2BF007E905CE}.Release|Mixed Platforms.Deploy.0 = Release|x86
		{A2C7F1E8-AF8C-400E-95B5-2BF007E905CE}.Release|x86.ActiveCfg = Release|x86
		{A2C7F1E8-AF8C-400E-95B5-2BF007E905CE}.Release|x86.Build.0 = Release|x86
		{A2C7F1E8-AF8C-400E-95B5-2BF007E905CE}.Release|x86.Deploy.0 = Release|x86
		{21374BBA-1987-4FF0-A22E-E7F847E95C72}.Ad-Hoc|Any CPU.ActiveCfg = Release|Any CPU
		{21374BBA-1987-4FF0-A22E-E7F847E95C72}.Ad-Hoc|Any CPU.Build.0 = Release|Any CPU
		{21374BBA-1987-4FF0-A22E-E7F847E95C72}.Ad-Hoc|Any CPU.Deploy.0 = Release|Any CPU
		{21374BBA-1987-4FF0-A22E-E7F847E95C72}.Ad-Hoc|ARM.ActiveCfg = Release|ARM
		{21374BBA-1987-4FF0-A22E-E7F847E95C72}.Ad-Hoc|ARM.Build.0 = Release|ARM
		{21374BBA-1987-4FF0-A22E-E7F847E95C72}.Ad-Hoc|ARM.Deploy.0 = Release|ARM
		{21374BBA-1987-4FF0-A22E-E7F847E95C72}.Ad-Hoc|iPhone.ActiveCfg = Release|Any CPU
		{21374BBA-1987-4FF0-A22E-E7F847E95C72}.Ad-Hoc|iPhoneSimulator.ActiveCfg = Release|Any CPU
		{21374BBA-1987-4FF0-A22E-E7F847E95C72}.Ad-Hoc|Mixed Platforms.ActiveCfg = Release|x86
		{21374BBA-1987-4FF0-A22E-E7F847E95C72}.Ad-Hoc|Mixed Platforms.Build.0 = Release|x86
		{21374BBA-1987-4FF0-A22E-E7F847E95C72}.Ad-Hoc|Mixed Platforms.Deploy.0 = Release|x86
		{21374BBA-1987-4FF0-A22E-E7F847E95C72}.Ad-Hoc|x86.ActiveCfg = Release|x86
		{21374BBA-1987-4FF0-A22E-E7F847E95C72}.Ad-Hoc|x86.Build.0 = Release|x86
		{21374BBA-1987-4FF0-A22E-E7F847E95C72}.Ad-Hoc|x86.Deploy.0 = Release|x86
		{21374BBA-1987-4FF0-A22E-E7F847E95C72}.AppStore|Any CPU.ActiveCfg = Release|Any CPU
		{21374BBA-1987-4FF0-A22E-E7F847E95C72}.AppStore|Any CPU.Build.0 = Release|Any CPU
		{21374BBA-1987-4FF0-A22E-E7F847E95C72}.AppStore|Any CPU.Deploy.0 = Release|Any CPU
		{21374BBA-1987-4FF0-A22E-E7F847E95C72}.AppStore|ARM.ActiveCfg = Release|ARM
		{21374BBA-1987-4FF0-A22E-E7F847E95C72}.AppStore|ARM.Build.0 = Release|ARM
		{21374BBA-1987-4FF0-A22E-E7F847E95C72}.AppStore|ARM.Deploy.0 = Release|ARM
		{21374BBA-1987-4FF0-A22E-E7F847E95C72}.AppStore|iPhone.ActiveCfg = Release|Any CPU
		{21374BBA-1987-4FF0-A22E-E7F847E95C72}.AppStore|iPhoneSimulator.ActiveCfg = Release|Any CPU
		{21374BBA-1987-4FF0-A22E-E7F847E95C72}.AppStore|Mixed Platforms.ActiveCfg = Release|x86
		{21374BBA-1987-4FF0-A22E-E7F847E95C72}.AppStore|Mixed Platforms.Build.0 = Release|x86
		{21374BBA-1987-4FF0-A22E-E7F847E95C72}.AppStore|Mixed Platforms.Deploy.0 = Release|x86
		{21374BBA-1987-4FF0-A22E-E7F847E95C72}.AppStore|x86.ActiveCfg = Release|x86
		{21374BBA-1987-4FF0-A22E-E7F847E95C72}.AppStore|x86.Build.0 = Release|x86
		{21374BBA-1987-4FF0-A22E-E7F847E95C72}.AppStore|x86.Deploy.0 = Release|x86
		{21374BBA-1987-4FF0-A22E-E7F847E95C72}.Debug|Any CPU.ActiveCfg = Debug|Any CPU
		{21374BBA-1987-4FF0-A22E-E7F847E95C72}.Debug|Any CPU.Build.0 = Debug|Any CPU
		{21374BBA-1987-4FF0-A22E-E7F847E95C72}.Debug|Any CPU.Deploy.0 = Debug|Any CPU
		{21374BBA-1987-4FF0-A22E-E7F847E95C72}.Debug|ARM.ActiveCfg = Debug|ARM
		{21374BBA-1987-4FF0-A22E-E7F847E95C72}.Debug|ARM.Build.0 = Debug|ARM
		{21374BBA-1987-4FF0-A22E-E7F847E95C72}.Debug|ARM.Deploy.0 = Debug|ARM
		{21374BBA-1987-4FF0-A22E-E7F847E95C72}.Debug|iPhone.ActiveCfg = Debug|Any CPU
		{21374BBA-1987-4FF0-A22E-E7F847E95C72}.Debug|iPhoneSimulator.ActiveCfg = Debug|Any CPU
		{21374BBA-1987-4FF0-A22E-E7F847E95C72}.Debug|Mixed Platforms.ActiveCfg = Debug|x86
		{21374BBA-1987-4FF0-A22E-E7F847E95C72}.Debug|Mixed Platforms.Build.0 = Debug|x86
		{21374BBA-1987-4FF0-A22E-E7F847E95C72}.Debug|Mixed Platforms.Deploy.0 = Debug|x86
		{21374BBA-1987-4FF0-A22E-E7F847E95C72}.Debug|x86.ActiveCfg = Debug|x86
		{21374BBA-1987-4FF0-A22E-E7F847E95C72}.Debug|x86.Build.0 = Debug|x86
		{21374BBA-1987-4FF0-A22E-E7F847E95C72}.Debug|x86.Deploy.0 = Debug|x86
		{21374BBA-1987-4FF0-A22E-E7F847E95C72}.Release|Any CPU.ActiveCfg = Release|Any CPU
		{21374BBA-1987-4FF0-A22E-E7F847E95C72}.Release|Any CPU.Build.0 = Release|Any CPU
		{21374BBA-1987-4FF0-A22E-E7F847E95C72}.Release|Any CPU.Deploy.0 = Release|Any CPU
		{21374BBA-1987-4FF0-A22E-E7F847E95C72}.Release|ARM.ActiveCfg = Release|ARM
		{21374BBA-1987-4FF0-A22E-E7F847E95C72}.Release|ARM.Build.0 = Release|ARM
		{21374BBA-1987-4FF0-A22E-E7F847E95C72}.Release|ARM.Deploy.0 = Release|ARM
		{21374BBA-1987-4FF0-A22E-E7F847E95C72}.Release|iPhone.ActiveCfg = Release|Any CPU
		{21374BBA-1987-4FF0-A22E-E7F847E95C72}.Release|iPhoneSimulator.ActiveCfg = Release|Any CPU
		{21374BBA-1987-4FF0-A22E-E7F847E95C72}.Release|Mixed Platforms.ActiveCfg = Release|x86
		{21374BBA-1987-4FF0-A22E-E7F847E95C72}.Release|Mixed Platforms.Build.0 = Release|x86
		{21374BBA-1987-4FF0-A22E-E7F847E95C72}.Release|Mixed Platforms.Deploy.0 = Release|x86
		{21374BBA-1987-4FF0-A22E-E7F847E95C72}.Release|x86.ActiveCfg = Release|x86
		{21374BBA-1987-4FF0-A22E-E7F847E95C72}.Release|x86.Build.0 = Release|x86
		{21374BBA-1987-4FF0-A22E-E7F847E95C72}.Release|x86.Deploy.0 = Release|x86
		{67F9D3A8-F71E-4428-913F-C37AE82CDB24}.Ad-Hoc|Any CPU.ActiveCfg = Release|Any CPU
		{67F9D3A8-F71E-4428-913F-C37AE82CDB24}.Ad-Hoc|Any CPU.Build.0 = Release|Any CPU
		{67F9D3A8-F71E-4428-913F-C37AE82CDB24}.Ad-Hoc|ARM.ActiveCfg = Release|Any CPU
		{67F9D3A8-F71E-4428-913F-C37AE82CDB24}.Ad-Hoc|iPhone.ActiveCfg = Release|Any CPU
		{67F9D3A8-F71E-4428-913F-C37AE82CDB24}.Ad-Hoc|iPhoneSimulator.ActiveCfg = Release|Any CPU
		{67F9D3A8-F71E-4428-913F-C37AE82CDB24}.Ad-Hoc|Mixed Platforms.ActiveCfg = Release|Any CPU
		{67F9D3A8-F71E-4428-913F-C37AE82CDB24}.Ad-Hoc|Mixed Platforms.Build.0 = Release|Any CPU
		{67F9D3A8-F71E-4428-913F-C37AE82CDB24}.Ad-Hoc|x86.ActiveCfg = Release|Any CPU
		{67F9D3A8-F71E-4428-913F-C37AE82CDB24}.AppStore|Any CPU.ActiveCfg = Release|Any CPU
		{67F9D3A8-F71E-4428-913F-C37AE82CDB24}.AppStore|Any CPU.Build.0 = Release|Any CPU
		{67F9D3A8-F71E-4428-913F-C37AE82CDB24}.AppStore|ARM.ActiveCfg = Release|Any CPU
		{67F9D3A8-F71E-4428-913F-C37AE82CDB24}.AppStore|iPhone.ActiveCfg = Release|Any CPU
		{67F9D3A8-F71E-4428-913F-C37AE82CDB24}.AppStore|iPhoneSimulator.ActiveCfg = Release|Any CPU
		{67F9D3A8-F71E-4428-913F-C37AE82CDB24}.AppStore|Mixed Platforms.ActiveCfg = Release|Any CPU
		{67F9D3A8-F71E-4428-913F-C37AE82CDB24}.AppStore|Mixed Platforms.Build.0 = Release|Any CPU
		{67F9D3A8-F71E-4428-913F-C37AE82CDB24}.AppStore|x86.ActiveCfg = Release|Any CPU
		{67F9D3A8-F71E-4428-913F-C37AE82CDB24}.Debug|Any CPU.ActiveCfg = Debug|Any CPU
		{67F9D3A8-F71E-4428-913F-C37AE82CDB24}.Debug|Any CPU.Build.0 = Debug|Any CPU
		{67F9D3A8-F71E-4428-913F-C37AE82CDB24}.Debug|ARM.ActiveCfg = Debug|Any CPU
		{67F9D3A8-F71E-4428-913F-C37AE82CDB24}.Debug|iPhone.ActiveCfg = Debug|Any CPU
		{67F9D3A8-F71E-4428-913F-C37AE82CDB24}.Debug|iPhoneSimulator.ActiveCfg = Debug|Any CPU
		{67F9D3A8-F71E-4428-913F-C37AE82CDB24}.Debug|Mixed Platforms.ActiveCfg = Debug|Any CPU
		{67F9D3A8-F71E-4428-913F-C37AE82CDB24}.Debug|Mixed Platforms.Build.0 = Debug|Any CPU
		{67F9D3A8-F71E-4428-913F-C37AE82CDB24}.Debug|x86.ActiveCfg = Debug|Any CPU
		{67F9D3A8-F71E-4428-913F-C37AE82CDB24}.Release|Any CPU.ActiveCfg = Release|Any CPU
		{67F9D3A8-F71E-4428-913F-C37AE82CDB24}.Release|Any CPU.Build.0 = Release|Any CPU
		{67F9D3A8-F71E-4428-913F-C37AE82CDB24}.Release|ARM.ActiveCfg = Release|Any CPU
		{67F9D3A8-F71E-4428-913F-C37AE82CDB24}.Release|iPhone.ActiveCfg = Release|Any CPU
		{67F9D3A8-F71E-4428-913F-C37AE82CDB24}.Release|iPhoneSimulator.ActiveCfg = Release|Any CPU
		{67F9D3A8-F71E-4428-913F-C37AE82CDB24}.Release|Mixed Platforms.ActiveCfg = Release|Any CPU
		{67F9D3A8-F71E-4428-913F-C37AE82CDB24}.Release|Mixed Platforms.Build.0 = Release|Any CPU
		{67F9D3A8-F71E-4428-913F-C37AE82CDB24}.Release|x86.ActiveCfg = Release|Any CPU
		{8ABCF5B5-02DD-407F-BA4C-36B1B016508A}.Ad-Hoc|Any CPU.ActiveCfg = Release|Any CPU
		{8ABCF5B5-02DD-407F-BA4C-36B1B016508A}.Ad-Hoc|Any CPU.Build.0 = Release|Any CPU
		{8ABCF5B5-02DD-407F-BA4C-36B1B016508A}.Ad-Hoc|ARM.ActiveCfg = Release|Any CPU
		{8ABCF5B5-02DD-407F-BA4C-36B1B016508A}.Ad-Hoc|iPhone.ActiveCfg = Release|Any CPU
		{8ABCF5B5-02DD-407F-BA4C-36B1B016508A}.Ad-Hoc|iPhoneSimulator.ActiveCfg = Release|Any CPU
		{8ABCF5B5-02DD-407F-BA4C-36B1B016508A}.Ad-Hoc|Mixed Platforms.ActiveCfg = Release|Any CPU
		{8ABCF5B5-02DD-407F-BA4C-36B1B016508A}.Ad-Hoc|Mixed Platforms.Build.0 = Release|Any CPU
		{8ABCF5B5-02DD-407F-BA4C-36B1B016508A}.Ad-Hoc|x86.ActiveCfg = Release|Any CPU
		{8ABCF5B5-02DD-407F-BA4C-36B1B016508A}.AppStore|Any CPU.ActiveCfg = Release|Any CPU
		{8ABCF5B5-02DD-407F-BA4C-36B1B016508A}.AppStore|Any CPU.Build.0 = Release|Any CPU
		{8ABCF5B5-02DD-407F-BA4C-36B1B016508A}.AppStore|ARM.ActiveCfg = Release|Any CPU
		{8ABCF5B5-02DD-407F-BA4C-36B1B016508A}.AppStore|iPhone.ActiveCfg = Release|Any CPU
		{8ABCF5B5-02DD-407F-BA4C-36B1B016508A}.AppStore|iPhoneSimulator.ActiveCfg = Release|Any CPU
		{8ABCF5B5-02DD-407F-BA4C-36B1B016508A}.AppStore|Mixed Platforms.ActiveCfg = Release|Any CPU
		{8ABCF5B5-02DD-407F-BA4C-36B1B016508A}.AppStore|Mixed Platforms.Build.0 = Release|Any CPU
		{8ABCF5B5-02DD-407F-BA4C-36B1B016508A}.AppStore|x86.ActiveCfg = Release|Any CPU
		{8ABCF5B5-02DD-407F-BA4C-36B1B016508A}.Debug|Any CPU.ActiveCfg = Debug|Any CPU
		{8ABCF5B5-02DD-407F-BA4C-36B1B016508A}.Debug|Any CPU.Build.0 = Debug|Any CPU
		{8ABCF5B5-02DD-407F-BA4C-36B1B016508A}.Debug|ARM.ActiveCfg = Debug|Any CPU
		{8ABCF5B5-02DD-407F-BA4C-36B1B016508A}.Debug|iPhone.ActiveCfg = Debug|Any CPU
		{8ABCF5B5-02DD-407F-BA4C-36B1B016508A}.Debug|iPhoneSimulator.ActiveCfg = Debug|Any CPU
		{8ABCF5B5-02DD-407F-BA4C-36B1B016508A}.Debug|Mixed Platforms.ActiveCfg = Debug|Any CPU
		{8ABCF5B5-02DD-407F-BA4C-36B1B016508A}.Debug|Mixed Platforms.Build.0 = Debug|Any CPU
		{8ABCF5B5-02DD-407F-BA4C-36B1B016508A}.Debug|x86.ActiveCfg = Debug|Any CPU
		{8ABCF5B5-02DD-407F-BA4C-36B1B016508A}.Release|Any CPU.ActiveCfg = Release|Any CPU
		{8ABCF5B5-02DD-407F-BA4C-36B1B016508A}.Release|Any CPU.Build.0 = Release|Any CPU
		{8ABCF5B5-02DD-407F-BA4C-36B1B016508A}.Release|ARM.ActiveCfg = Release|Any CPU
		{8ABCF5B5-02DD-407F-BA4C-36B1B016508A}.Release|iPhone.ActiveCfg = Release|Any CPU
		{8ABCF5B5-02DD-407F-BA4C-36B1B016508A}.Release|iPhoneSimulator.ActiveCfg = Release|Any CPU
		{8ABCF5B5-02DD-407F-BA4C-36B1B016508A}.Release|Mixed Platforms.ActiveCfg = Release|Any CPU
		{8ABCF5B5-02DD-407F-BA4C-36B1B016508A}.Release|Mixed Platforms.Build.0 = Release|Any CPU
		{8ABCF5B5-02DD-407F-BA4C-36B1B016508A}.Release|x86.ActiveCfg = Release|Any CPU
		{E3AAB956-B5AF-4ABD-BE9A-8C4F2A6ED467}.Ad-Hoc|Any CPU.ActiveCfg = Release|Any CPU
		{E3AAB956-B5AF-4ABD-BE9A-8C4F2A6ED467}.Ad-Hoc|Any CPU.Build.0 = Release|Any CPU
		{E3AAB956-B5AF-4ABD-BE9A-8C4F2A6ED467}.Ad-Hoc|ARM.ActiveCfg = Release|Any CPU
		{E3AAB956-B5AF-4ABD-BE9A-8C4F2A6ED467}.Ad-Hoc|iPhone.ActiveCfg = Release|Any CPU
		{E3AAB956-B5AF-4ABD-BE9A-8C4F2A6ED467}.Ad-Hoc|iPhoneSimulator.ActiveCfg = Release|Any CPU
		{E3AAB956-B5AF-4ABD-BE9A-8C4F2A6ED467}.Ad-Hoc|Mixed Platforms.ActiveCfg = Release|Any CPU
		{E3AAB956-B5AF-4ABD-BE9A-8C4F2A6ED467}.Ad-Hoc|Mixed Platforms.Build.0 = Release|Any CPU
		{E3AAB956-B5AF-4ABD-BE9A-8C4F2A6ED467}.Ad-Hoc|x86.ActiveCfg = Release|Any CPU
		{E3AAB956-B5AF-4ABD-BE9A-8C4F2A6ED467}.AppStore|Any CPU.ActiveCfg = Release|Any CPU
		{E3AAB956-B5AF-4ABD-BE9A-8C4F2A6ED467}.AppStore|Any CPU.Build.0 = Release|Any CPU
		{E3AAB956-B5AF-4ABD-BE9A-8C4F2A6ED467}.AppStore|ARM.ActiveCfg = Release|Any CPU
		{E3AAB956-B5AF-4ABD-BE9A-8C4F2A6ED467}.AppStore|iPhone.ActiveCfg = Release|Any CPU
		{E3AAB956-B5AF-4ABD-BE9A-8C4F2A6ED467}.AppStore|iPhoneSimulator.ActiveCfg = Release|Any CPU
		{E3AAB956-B5AF-4ABD-BE9A-8C4F2A6ED467}.AppStore|Mixed Platforms.ActiveCfg = Release|Any CPU
		{E3AAB956-B5AF-4ABD-BE9A-8C4F2A6ED467}.AppStore|Mixed Platforms.Build.0 = Release|Any CPU
		{E3AAB956-B5AF-4ABD-BE9A-8C4F2A6ED467}.AppStore|x86.ActiveCfg = Release|Any CPU
		{E3AAB956-B5AF-4ABD-BE9A-8C4F2A6ED467}.Debug|Any CPU.ActiveCfg = Debug|Any CPU
		{E3AAB956-B5AF-4ABD-BE9A-8C4F2A6ED467}.Debug|Any CPU.Build.0 = Debug|Any CPU
		{E3AAB956-B5AF-4ABD-BE9A-8C4F2A6ED467}.Debug|ARM.ActiveCfg = Debug|Any CPU
		{E3AAB956-B5AF-4ABD-BE9A-8C4F2A6ED467}.Debug|iPhone.ActiveCfg = Debug|Any CPU
		{E3AAB956-B5AF-4ABD-BE9A-8C4F2A6ED467}.Debug|iPhoneSimulator.ActiveCfg = Debug|Any CPU
		{E3AAB956-B5AF-4ABD-BE9A-8C4F2A6ED467}.Debug|Mixed Platforms.ActiveCfg = Debug|Any CPU
		{E3AAB956-B5AF-4ABD-BE9A-8C4F2A6ED467}.Debug|Mixed Platforms.Build.0 = Debug|Any CPU
		{E3AAB956-B5AF-4ABD-BE9A-8C4F2A6ED467}.Debug|x86.ActiveCfg = Debug|Any CPU
		{E3AAB956-B5AF-4ABD-BE9A-8C4F2A6ED467}.Release|Any CPU.ActiveCfg = Release|Any CPU
		{E3AAB956-B5AF-4ABD-BE9A-8C4F2A6ED467}.Release|Any CPU.Build.0 = Release|Any CPU
		{E3AAB956-B5AF-4ABD-BE9A-8C4F2A6ED467}.Release|ARM.ActiveCfg = Release|Any CPU
		{E3AAB956-B5AF-4ABD-BE9A-8C4F2A6ED467}.Release|iPhone.ActiveCfg = Release|Any CPU
		{E3AAB956-B5AF-4ABD-BE9A-8C4F2A6ED467}.Release|iPhoneSimulator.ActiveCfg = Release|Any CPU
		{E3AAB956-B5AF-4ABD-BE9A-8C4F2A6ED467}.Release|Mixed Platforms.ActiveCfg = Release|Any CPU
		{E3AAB956-B5AF-4ABD-BE9A-8C4F2A6ED467}.Release|Mixed Platforms.Build.0 = Release|Any CPU
		{E3AAB956-B5AF-4ABD-BE9A-8C4F2A6ED467}.Release|x86.ActiveCfg = Release|Any CPU
		{256ECBCB-BEFA-4D03-B82F-CEBEFC8EB6CE}.Ad-Hoc|Any CPU.ActiveCfg = Release|Any CPU
		{256ECBCB-BEFA-4D03-B82F-CEBEFC8EB6CE}.Ad-Hoc|Any CPU.Build.0 = Release|Any CPU
		{256ECBCB-BEFA-4D03-B82F-CEBEFC8EB6CE}.Ad-Hoc|Any CPU.Deploy.0 = Release|Any CPU
		{256ECBCB-BEFA-4D03-B82F-CEBEFC8EB6CE}.Ad-Hoc|ARM.ActiveCfg = Release|Any CPU
		{256ECBCB-BEFA-4D03-B82F-CEBEFC8EB6CE}.Ad-Hoc|iPhone.ActiveCfg = Release|Any CPU
		{256ECBCB-BEFA-4D03-B82F-CEBEFC8EB6CE}.Ad-Hoc|iPhoneSimulator.ActiveCfg = Release|Any CPU
		{256ECBCB-BEFA-4D03-B82F-CEBEFC8EB6CE}.Ad-Hoc|Mixed Platforms.ActiveCfg = Release|Any CPU
		{256ECBCB-BEFA-4D03-B82F-CEBEFC8EB6CE}.Ad-Hoc|Mixed Platforms.Build.0 = Release|Any CPU
		{256ECBCB-BEFA-4D03-B82F-CEBEFC8EB6CE}.Ad-Hoc|Mixed Platforms.Deploy.0 = Release|Any CPU
		{256ECBCB-BEFA-4D03-B82F-CEBEFC8EB6CE}.Ad-Hoc|x86.ActiveCfg = Release|Any CPU
		{256ECBCB-BEFA-4D03-B82F-CEBEFC8EB6CE}.AppStore|Any CPU.ActiveCfg = Release|Any CPU
		{256ECBCB-BEFA-4D03-B82F-CEBEFC8EB6CE}.AppStore|Any CPU.Build.0 = Release|Any CPU
		{256ECBCB-BEFA-4D03-B82F-CEBEFC8EB6CE}.AppStore|Any CPU.Deploy.0 = Release|Any CPU
		{256ECBCB-BEFA-4D03-B82F-CEBEFC8EB6CE}.AppStore|ARM.ActiveCfg = Release|Any CPU
		{256ECBCB-BEFA-4D03-B82F-CEBEFC8EB6CE}.AppStore|iPhone.ActiveCfg = Release|Any CPU
		{256ECBCB-BEFA-4D03-B82F-CEBEFC8EB6CE}.AppStore|iPhoneSimulator.ActiveCfg = Release|Any CPU
		{256ECBCB-BEFA-4D03-B82F-CEBEFC8EB6CE}.AppStore|Mixed Platforms.ActiveCfg = Release|Any CPU
		{256ECBCB-BEFA-4D03-B82F-CEBEFC8EB6CE}.AppStore|Mixed Platforms.Build.0 = Release|Any CPU
		{256ECBCB-BEFA-4D03-B82F-CEBEFC8EB6CE}.AppStore|Mixed Platforms.Deploy.0 = Release|Any CPU
		{256ECBCB-BEFA-4D03-B82F-CEBEFC8EB6CE}.AppStore|x86.ActiveCfg = Release|Any CPU
		{256ECBCB-BEFA-4D03-B82F-CEBEFC8EB6CE}.Debug|Any CPU.ActiveCfg = Debug|Any CPU
		{256ECBCB-BEFA-4D03-B82F-CEBEFC8EB6CE}.Debug|Any CPU.Build.0 = Debug|Any CPU
		{256ECBCB-BEFA-4D03-B82F-CEBEFC8EB6CE}.Debug|Any CPU.Deploy.0 = Debug|Any CPU
		{256ECBCB-BEFA-4D03-B82F-CEBEFC8EB6CE}.Debug|ARM.ActiveCfg = Debug|Any CPU
		{256ECBCB-BEFA-4D03-B82F-CEBEFC8EB6CE}.Debug|iPhone.ActiveCfg = Debug|Any CPU
		{256ECBCB-BEFA-4D03-B82F-CEBEFC8EB6CE}.Debug|iPhoneSimulator.ActiveCfg = Debug|Any CPU
		{256ECBCB-BEFA-4D03-B82F-CEBEFC8EB6CE}.Debug|Mixed Platforms.ActiveCfg = Debug|Any CPU
		{256ECBCB-BEFA-4D03-B82F-CEBEFC8EB6CE}.Debug|Mixed Platforms.Build.0 = Debug|Any CPU
		{256ECBCB-BEFA-4D03-B82F-CEBEFC8EB6CE}.Debug|Mixed Platforms.Deploy.0 = Debug|Any CPU
		{256ECBCB-BEFA-4D03-B82F-CEBEFC8EB6CE}.Debug|x86.ActiveCfg = Debug|Any CPU
		{256ECBCB-BEFA-4D03-B82F-CEBEFC8EB6CE}.Release|Any CPU.ActiveCfg = Release|Any CPU
		{256ECBCB-BEFA-4D03-B82F-CEBEFC8EB6CE}.Release|Any CPU.Build.0 = Release|Any CPU
		{256ECBCB-BEFA-4D03-B82F-CEBEFC8EB6CE}.Release|Any CPU.Deploy.0 = Release|Any CPU
		{256ECBCB-BEFA-4D03-B82F-CEBEFC8EB6CE}.Release|ARM.ActiveCfg = Release|Any CPU
		{256ECBCB-BEFA-4D03-B82F-CEBEFC8EB6CE}.Release|iPhone.ActiveCfg = Release|Any CPU
		{256ECBCB-BEFA-4D03-B82F-CEBEFC8EB6CE}.Release|iPhoneSimulator.ActiveCfg = Release|Any CPU
		{256ECBCB-BEFA-4D03-B82F-CEBEFC8EB6CE}.Release|Mixed Platforms.ActiveCfg = Release|Any CPU
		{256ECBCB-BEFA-4D03-B82F-CEBEFC8EB6CE}.Release|Mixed Platforms.Build.0 = Release|Any CPU
		{256ECBCB-BEFA-4D03-B82F-CEBEFC8EB6CE}.Release|Mixed Platforms.Deploy.0 = Release|Any CPU
		{256ECBCB-BEFA-4D03-B82F-CEBEFC8EB6CE}.Release|x86.ActiveCfg = Release|Any CPU
		{31D94055-DA1E-43D0-AD3E-81115AA86DBC}.Ad-Hoc|Any CPU.ActiveCfg = Release|Any CPU
		{31D94055-DA1E-43D0-AD3E-81115AA86DBC}.Ad-Hoc|Any CPU.Build.0 = Release|Any CPU
		{31D94055-DA1E-43D0-AD3E-81115AA86DBC}.Ad-Hoc|ARM.ActiveCfg = Release|Any CPU
		{31D94055-DA1E-43D0-AD3E-81115AA86DBC}.Ad-Hoc|iPhone.ActiveCfg = Release|Any CPU
		{31D94055-DA1E-43D0-AD3E-81115AA86DBC}.Ad-Hoc|iPhoneSimulator.ActiveCfg = Release|Any CPU
		{31D94055-DA1E-43D0-AD3E-81115AA86DBC}.Ad-Hoc|Mixed Platforms.ActiveCfg = Release|Any CPU
		{31D94055-DA1E-43D0-AD3E-81115AA86DBC}.Ad-Hoc|Mixed Platforms.Build.0 = Release|Any CPU
		{31D94055-DA1E-43D0-AD3E-81115AA86DBC}.Ad-Hoc|x86.ActiveCfg = Release|Any CPU
		{31D94055-DA1E-43D0-AD3E-81115AA86DBC}.AppStore|Any CPU.ActiveCfg = Release|Any CPU
		{31D94055-DA1E-43D0-AD3E-81115AA86DBC}.AppStore|Any CPU.Build.0 = Release|Any CPU
		{31D94055-DA1E-43D0-AD3E-81115AA86DBC}.AppStore|ARM.ActiveCfg = Release|Any CPU
		{31D94055-DA1E-43D0-AD3E-81115AA86DBC}.AppStore|iPhone.ActiveCfg = Release|Any CPU
		{31D94055-DA1E-43D0-AD3E-81115AA86DBC}.AppStore|iPhoneSimulator.ActiveCfg = Release|Any CPU
		{31D94055-DA1E-43D0-AD3E-81115AA86DBC}.AppStore|Mixed Platforms.ActiveCfg = Release|Any CPU
		{31D94055-DA1E-43D0-AD3E-81115AA86DBC}.AppStore|Mixed Platforms.Build.0 = Release|Any CPU
		{31D94055-DA1E-43D0-AD3E-81115AA86DBC}.AppStore|x86.ActiveCfg = Release|Any CPU
		{31D94055-DA1E-43D0-AD3E-81115AA86DBC}.Debug|Any CPU.ActiveCfg = Debug|Any CPU
		{31D94055-DA1E-43D0-AD3E-81115AA86DBC}.Debug|Any CPU.Build.0 = Debug|Any CPU
		{31D94055-DA1E-43D0-AD3E-81115AA86DBC}.Debug|ARM.ActiveCfg = Debug|Any CPU
		{31D94055-DA1E-43D0-AD3E-81115AA86DBC}.Debug|iPhone.ActiveCfg = Debug|Any CPU
		{31D94055-DA1E-43D0-AD3E-81115AA86DBC}.Debug|iPhoneSimulator.ActiveCfg = Debug|Any CPU
		{31D94055-DA1E-43D0-AD3E-81115AA86DBC}.Debug|Mixed Platforms.ActiveCfg = Debug|Any CPU
		{31D94055-DA1E-43D0-AD3E-81115AA86DBC}.Debug|Mixed Platforms.Build.0 = Debug|Any CPU
		{31D94055-DA1E-43D0-AD3E-81115AA86DBC}.Debug|x86.ActiveCfg = Debug|Any CPU
		{31D94055-DA1E-43D0-AD3E-81115AA86DBC}.Release|Any CPU.ActiveCfg = Release|Any CPU
		{31D94055-DA1E-43D0-AD3E-81115AA86DBC}.Release|Any CPU.Build.0 = Release|Any CPU
		{31D94055-DA1E-43D0-AD3E-81115AA86DBC}.Release|ARM.ActiveCfg = Release|Any CPU
		{31D94055-DA1E-43D0-AD3E-81115AA86DBC}.Release|iPhone.ActiveCfg = Release|Any CPU
		{31D94055-DA1E-43D0-AD3E-81115AA86DBC}.Release|iPhoneSimulator.ActiveCfg = Release|Any CPU
		{31D94055-DA1E-43D0-AD3E-81115AA86DBC}.Release|Mixed Platforms.ActiveCfg = Release|Any CPU
		{31D94055-DA1E-43D0-AD3E-81115AA86DBC}.Release|Mixed Platforms.Build.0 = Release|Any CPU
		{31D94055-DA1E-43D0-AD3E-81115AA86DBC}.Release|x86.ActiveCfg = Release|Any CPU
		{BA8522FB-1FD6-4F26-843A-E8EBACDDCB53}.Ad-Hoc|Any CPU.ActiveCfg = Release|Any CPU
		{BA8522FB-1FD6-4F26-843A-E8EBACDDCB53}.Ad-Hoc|Any CPU.Build.0 = Release|Any CPU
		{BA8522FB-1FD6-4F26-843A-E8EBACDDCB53}.Ad-Hoc|ARM.ActiveCfg = Release|Any CPU
		{BA8522FB-1FD6-4F26-843A-E8EBACDDCB53}.Ad-Hoc|iPhone.ActiveCfg = Release|Any CPU
		{BA8522FB-1FD6-4F26-843A-E8EBACDDCB53}.Ad-Hoc|iPhoneSimulator.ActiveCfg = Release|Any CPU
		{BA8522FB-1FD6-4F26-843A-E8EBACDDCB53}.Ad-Hoc|Mixed Platforms.ActiveCfg = Release|Any CPU
		{BA8522FB-1FD6-4F26-843A-E8EBACDDCB53}.Ad-Hoc|Mixed Platforms.Build.0 = Release|Any CPU
		{BA8522FB-1FD6-4F26-843A-E8EBACDDCB53}.Ad-Hoc|x86.ActiveCfg = Release|Any CPU
		{BA8522FB-1FD6-4F26-843A-E8EBACDDCB53}.AppStore|Any CPU.ActiveCfg = Release|Any CPU
		{BA8522FB-1FD6-4F26-843A-E8EBACDDCB53}.AppStore|Any CPU.Build.0 = Release|Any CPU
		{BA8522FB-1FD6-4F26-843A-E8EBACDDCB53}.AppStore|ARM.ActiveCfg = Release|Any CPU
		{BA8522FB-1FD6-4F26-843A-E8EBACDDCB53}.AppStore|iPhone.ActiveCfg = Release|Any CPU
		{BA8522FB-1FD6-4F26-843A-E8EBACDDCB53}.AppStore|iPhoneSimulator.ActiveCfg = Release|Any CPU
		{BA8522FB-1FD6-4F26-843A-E8EBACDDCB53}.AppStore|Mixed Platforms.ActiveCfg = Release|Any CPU
		{BA8522FB-1FD6-4F26-843A-E8EBACDDCB53}.AppStore|Mixed Platforms.Build.0 = Release|Any CPU
		{BA8522FB-1FD6-4F26-843A-E8EBACDDCB53}.AppStore|x86.ActiveCfg = Release|Any CPU
		{BA8522FB-1FD6-4F26-843A-E8EBACDDCB53}.Debug|Any CPU.ActiveCfg = Debug|Any CPU
		{BA8522FB-1FD6-4F26-843A-E8EBACDDCB53}.Debug|Any CPU.Build.0 = Debug|Any CPU
		{BA8522FB-1FD6-4F26-843A-E8EBACDDCB53}.Debug|ARM.ActiveCfg = Debug|Any CPU
		{BA8522FB-1FD6-4F26-843A-E8EBACDDCB53}.Debug|iPhone.ActiveCfg = Debug|Any CPU
		{BA8522FB-1FD6-4F26-843A-E8EBACDDCB53}.Debug|iPhoneSimulator.ActiveCfg = Debug|Any CPU
		{BA8522FB-1FD6-4F26-843A-E8EBACDDCB53}.Debug|Mixed Platforms.ActiveCfg = Debug|Any CPU
		{BA8522FB-1FD6-4F26-843A-E8EBACDDCB53}.Debug|Mixed Platforms.Build.0 = Debug|Any CPU
		{BA8522FB-1FD6-4F26-843A-E8EBACDDCB53}.Debug|x86.ActiveCfg = Debug|Any CPU
		{BA8522FB-1FD6-4F26-843A-E8EBACDDCB53}.Release|Any CPU.ActiveCfg = Release|Any CPU
		{BA8522FB-1FD6-4F26-843A-E8EBACDDCB53}.Release|Any CPU.Build.0 = Release|Any CPU
		{BA8522FB-1FD6-4F26-843A-E8EBACDDCB53}.Release|ARM.ActiveCfg = Release|Any CPU
		{BA8522FB-1FD6-4F26-843A-E8EBACDDCB53}.Release|iPhone.ActiveCfg = Release|Any CPU
		{BA8522FB-1FD6-4F26-843A-E8EBACDDCB53}.Release|iPhoneSimulator.ActiveCfg = Release|Any CPU
		{BA8522FB-1FD6-4F26-843A-E8EBACDDCB53}.Release|Mixed Platforms.ActiveCfg = Release|Any CPU
		{BA8522FB-1FD6-4F26-843A-E8EBACDDCB53}.Release|Mixed Platforms.Build.0 = Release|Any CPU
		{BA8522FB-1FD6-4F26-843A-E8EBACDDCB53}.Release|x86.ActiveCfg = Release|Any CPU
		{E29D082E-73A6-41B7-9F17-8638F6159619}.Ad-Hoc|Any CPU.ActiveCfg = Release|Any CPU
		{E29D082E-73A6-41B7-9F17-8638F6159619}.Ad-Hoc|Any CPU.Build.0 = Release|Any CPU
		{E29D082E-73A6-41B7-9F17-8638F6159619}.Ad-Hoc|ARM.ActiveCfg = Release|Any CPU
		{E29D082E-73A6-41B7-9F17-8638F6159619}.Ad-Hoc|iPhone.ActiveCfg = Release|Any CPU
		{E29D082E-73A6-41B7-9F17-8638F6159619}.Ad-Hoc|iPhoneSimulator.ActiveCfg = Release|Any CPU
		{E29D082E-73A6-41B7-9F17-8638F6159619}.Ad-Hoc|Mixed Platforms.ActiveCfg = Release|Any CPU
		{E29D082E-73A6-41B7-9F17-8638F6159619}.Ad-Hoc|Mixed Platforms.Build.0 = Release|Any CPU
		{E29D082E-73A6-41B7-9F17-8638F6159619}.Ad-Hoc|x86.ActiveCfg = Release|Any CPU
		{E29D082E-73A6-41B7-9F17-8638F6159619}.AppStore|Any CPU.ActiveCfg = Release|Any CPU
		{E29D082E-73A6-41B7-9F17-8638F6159619}.AppStore|Any CPU.Build.0 = Release|Any CPU
		{E29D082E-73A6-41B7-9F17-8638F6159619}.AppStore|ARM.ActiveCfg = Release|Any CPU
		{E29D082E-73A6-41B7-9F17-8638F6159619}.AppStore|iPhone.ActiveCfg = Release|Any CPU
		{E29D082E-73A6-41B7-9F17-8638F6159619}.AppStore|iPhoneSimulator.ActiveCfg = Release|Any CPU
		{E29D082E-73A6-41B7-9F17-8638F6159619}.AppStore|Mixed Platforms.ActiveCfg = Release|Any CPU
		{E29D082E-73A6-41B7-9F17-8638F6159619}.AppStore|Mixed Platforms.Build.0 = Release|Any CPU
		{E29D082E-73A6-41B7-9F17-8638F6159619}.AppStore|x86.ActiveCfg = Release|Any CPU
		{E29D082E-73A6-41B7-9F17-8638F6159619}.Debug|Any CPU.ActiveCfg = Debug|Any CPU
		{E29D082E-73A6-41B7-9F17-8638F6159619}.Debug|Any CPU.Build.0 = Debug|Any CPU
		{E29D082E-73A6-41B7-9F17-8638F6159619}.Debug|ARM.ActiveCfg = Debug|Any CPU
		{E29D082E-73A6-41B7-9F17-8638F6159619}.Debug|iPhone.ActiveCfg = Debug|Any CPU
		{E29D082E-73A6-41B7-9F17-8638F6159619}.Debug|iPhoneSimulator.ActiveCfg = Debug|Any CPU
		{E29D082E-73A6-41B7-9F17-8638F6159619}.Debug|Mixed Platforms.ActiveCfg = Debug|Any CPU
		{E29D082E-73A6-41B7-9F17-8638F6159619}.Debug|Mixed Platforms.Build.0 = Debug|Any CPU
		{E29D082E-73A6-41B7-9F17-8638F6159619}.Debug|x86.ActiveCfg = Debug|Any CPU
		{E29D082E-73A6-41B7-9F17-8638F6159619}.Release|Any CPU.ActiveCfg = Release|Any CPU
		{E29D082E-73A6-41B7-9F17-8638F6159619}.Release|Any CPU.Build.0 = Release|Any CPU
		{E29D082E-73A6-41B7-9F17-8638F6159619}.Release|ARM.ActiveCfg = Release|Any CPU
		{E29D082E-73A6-41B7-9F17-8638F6159619}.Release|iPhone.ActiveCfg = Release|Any CPU
		{E29D082E-73A6-41B7-9F17-8638F6159619}.Release|iPhoneSimulator.ActiveCfg = Release|Any CPU
		{E29D082E-73A6-41B7-9F17-8638F6159619}.Release|Mixed Platforms.ActiveCfg = Release|Any CPU
		{E29D082E-73A6-41B7-9F17-8638F6159619}.Release|Mixed Platforms.Build.0 = Release|Any CPU
		{E29D082E-73A6-41B7-9F17-8638F6159619}.Release|x86.ActiveCfg = Release|Any CPU
	EndGlobalSection
	GlobalSection(SolutionProperties) = preSolution
		HideSolutionNode = FALSE
	EndGlobalSection
	GlobalSection(NestedProjects) = preSolution
		{A2C7F1E8-AF8C-400E-95B5-2BF007E905CE} = {B82594FF-9959-4E3A-86D6-19EE17B4B466}
		{21374BBA-1987-4FF0-A22E-E7F847E95C72} = {6B8CD9FB-0EA7-4889-B5BA-1C1E8D717457}
		{67F9D3A8-F71E-4428-913F-C37AE82CDB24} = {6B8CD9FB-0EA7-4889-B5BA-1C1E8D717457}
		{8ABCF5B5-02DD-407F-BA4C-36B1B016508A} = {B82594FF-9959-4E3A-86D6-19EE17B4B466}
		{E3AAB956-B5AF-4ABD-BE9A-8C4F2A6ED467} = {6B8CD9FB-0EA7-4889-B5BA-1C1E8D717457}
		{256ECBCB-BEFA-4D03-B82F-CEBEFC8EB6CE} = {107F521B-FCE8-4228-9FEC-119FAC0B1C60}
		{31D94055-DA1E-43D0-AD3E-81115AA86DBC} = {107F521B-FCE8-4228-9FEC-119FAC0B1C60}
		{BA8522FB-1FD6-4F26-843A-E8EBACDDCB53} = {B82594FF-9959-4E3A-86D6-19EE17B4B466}
		{E29D082E-73A6-41B7-9F17-8638F6159619} = {6B8CD9FB-0EA7-4889-B5BA-1C1E8D717457}
	EndGlobalSection
EndGlobal
