
Microsoft Visual Studio Solution File, Format Version 12.00
# Visual Studio 2013
VisualStudioVersion = 12.0.31101.0
MinimumVisualStudioVersion = 10.0.40219.1
Project("{FAE04EC0-301F-11D3-BF4B-00C04F79EFBC}") = "Trex.Framework.Core", "Trex.Framework.Core\Trex.Framework.Core.csproj", "{42076C76-8E1C-460E-9D72-898ED5FB33CB}"
EndProject
Project("{2150E333-8FDC-42A3-9474-1A3956D46DE8}") = ".Sqlite", ".Sqlite", "{E4273172-3DE5-46C4-81A7-C4B71582D09A}"
EndProject
Project("{FAE04EC0-301F-11D3-BF4B-00C04F79EFBC}") = "Trex.Framework.Sqlite", "Trex.Framework.Sqlite\Trex.Framework.Sqlite.csproj", "{0D5BF104-D322-4407-8391-CA8C6B7BE958}"
EndProject
Project("{2150E333-8FDC-42A3-9474-1A3956D46DE8}") = ".Forms.Controls", ".Forms.Controls", "{6B8CD9FB-0EA7-4889-B5BA-1C1E8D717457}"
EndProject
Project("{2150E333-8FDC-42A3-9474-1A3956D46DE8}") = ".Service", ".Service", "{B82594FF-9959-4E3A-86D6-19EE17B4B466}"
EndProject
Project("{FAE04EC0-301F-11D3-BF4B-00C04F79EFBC}") = "Trex.Framework.Service.WinPhone", "Trex.Framework.Service\Trex.Framework.Service.WinPhone\Trex.Framework.Service.WinPhone.csproj", "{A2C7F1E8-AF8C-400E-95B5-2BF007E905CE}"
EndProject
Project("{FAE04EC0-301F-11D3-BF4B-00C04F79EFBC}") = "Trex.Framework.Service.iOS", "Trex.Framework.Service\Trex.Framework.Service.iOS\Trex.Framework.Service.iOS.csproj", "{DD2EFD31-5F02-4E07-A106-AB37EB1B9DB6}"
EndProject
Project("{FAE04EC0-301F-11D3-BF4B-00C04F79EFBC}") = "Trex.Framework.Service.Droid", "Trex.Framework.Service\Trex.Framework.Service.Droid\Trex.Framework.Service.Droid.csproj", "{F8D7285C-32ED-46B0-8296-8C4EDFEE071F}"
EndProject
Project("{FAE04EC0-301F-11D3-BF4B-00C04F79EFBC}") = "Trex.Framework.Controls.WinPhone", "Trex.Framework.Controls\Trex.Framework.Controls.WinPhone\Trex.Framework.Controls.WinPhone.csproj", "{21374BBA-1987-4FF0-A22E-E7F847E95C72}"
EndProject
Project("{FAE04EC0-301F-11D3-BF4B-00C04F79EFBC}") = "Trex.Framework.Controls.iOS", "Trex.Framework.Controls\Trex.Framework.Controls.iOS\Trex.Framework.Controls.iOS.csproj", "{E7202B32-C35E-4367-B5E0-34BECC8B0E60}"
EndProject
Project("{FAE04EC0-301F-11D3-BF4B-00C04F79EFBC}") = "Trex.Framework.Controls.Droid", "Trex.Framework.Controls\Trex.Framework.Controls.Droid\Trex.Framework.Controls.Droid.csproj", "{C39AD65C-C69D-4B9D-9487-6A6445A2A923}"
EndProject
Project("{FAE04EC0-301F-11D3-BF4B-00C04F79EFBC}") = "Trex.Framework.Controls", "Trex.Framework.Controls\Trex.Framework.Controls\Trex.Framework.Controls.csproj", "{67F9D3A8-F71E-4428-913F-C37AE82CDB24}"
EndProject
Project("{2150E333-8FDC-42A3-9474-1A3956D46DE8}") = ".nuget", ".nuget", "{4EC2C23B-22DE-4C58-96A1-319A787528E4}"
	ProjectSection(SolutionItems) = preProject
		.nuget\NuGet.Config = .nuget\NuGet.Config
		.nuget\NuGet.exe = .nuget\NuGet.exe
		.nuget\NuGet.targets = .nuget\NuGet.targets
	EndProjectSection
EndProject
Global
	GlobalSection(SolutionConfigurationPlatforms) = preSolution
		Ad-Hoc|Any CPU = Ad-Hoc|Any CPU
		Ad-Hoc|ARM = Ad-Hoc|ARM
		Ad-Hoc|iPhone = Ad-Hoc|iPhone
		Ad-Hoc|iPhoneSimulator = Ad-Hoc|iPhoneSimulator
		Ad-Hoc|Mixed Platforms = Ad-Hoc|Mixed Platforms
		Ad-Hoc|x86 = Ad-Hoc|x86
		AppStore|Any CPU = AppStore|Any CPU
		AppStore|ARM = AppStore|ARM
		AppStore|iPhone = AppStore|iPhone
		AppStore|iPhoneSimulator = AppStore|iPhoneSimulator
		AppStore|Mixed Platforms = AppStore|Mixed Platforms
		AppStore|x86 = AppStore|x86
		Debug|Any CPU = Debug|Any CPU
		Debug|ARM = Debug|ARM
		Debug|iPhone = Debug|iPhone
		Debug|iPhoneSimulator = Debug|iPhoneSimulator
		Debug|Mixed Platforms = Debug|Mixed Platforms
		Debug|x86 = Debug|x86
		Release|Any CPU = Release|Any CPU
		Release|ARM = Release|ARM
		Release|iPhone = Release|iPhone
		Release|iPhoneSimulator = Release|iPhoneSimulator
		Release|Mixed Platforms = Release|Mixed Platforms
		Release|x86 = Release|x86
	EndGlobalSection
	GlobalSection(ProjectConfigurationPlatforms) = postSolution
		{42076C76-8E1C-460E-9D72-898ED5FB33CB}.Ad-Hoc|Any CPU.ActiveCfg = Release|Any CPU
		{42076C76-8E1C-460E-9D72-898ED5FB33CB}.Ad-Hoc|Any CPU.Build.0 = Release|Any CPU
		{42076C76-8E1C-460E-9D72-898ED5FB33CB}.Ad-Hoc|ARM.ActiveCfg = Release|Any CPU
		{42076C76-8E1C-460E-9D72-898ED5FB33CB}.Ad-Hoc|iPhone.ActiveCfg = Release|Any CPU
		{42076C76-8E1C-460E-9D72-898ED5FB33CB}.Ad-Hoc|iPhoneSimulator.ActiveCfg = Release|Any CPU
		{42076C76-8E1C-460E-9D72-898ED5FB33CB}.Ad-Hoc|Mixed Platforms.ActiveCfg = Release|Any CPU
		{42076C76-8E1C-460E-9D72-898ED5FB33CB}.Ad-Hoc|Mixed Platforms.Build.0 = Release|Any CPU
		{42076C76-8E1C-460E-9D72-898ED5FB33CB}.Ad-Hoc|x86.ActiveCfg = Release|Any CPU
		{42076C76-8E1C-460E-9D72-898ED5FB33CB}.AppStore|Any CPU.ActiveCfg = Release|Any CPU
		{42076C76-8E1C-460E-9D72-898ED5FB33CB}.AppStore|Any CPU.Build.0 = Release|Any CPU
		{42076C76-8E1C-460E-9D72-898ED5FB33CB}.AppStore|ARM.ActiveCfg = Release|Any CPU
		{42076C76-8E1C-460E-9D72-898ED5FB33CB}.AppStore|iPhone.ActiveCfg = Release|Any CPU
		{42076C76-8E1C-460E-9D72-898ED5FB33CB}.AppStore|iPhoneSimulator.ActiveCfg = Release|Any CPU
		{42076C76-8E1C-460E-9D72-898ED5FB33CB}.AppStore|Mixed Platforms.ActiveCfg = Release|Any CPU
		{42076C76-8E1C-460E-9D72-898ED5FB33CB}.AppStore|Mixed Platforms.Build.0 = Release|Any CPU
		{42076C76-8E1C-460E-9D72-898ED5FB33CB}.AppStore|x86.ActiveCfg = Release|Any CPU
		{42076C76-8E1C-460E-9D72-898ED5FB33CB}.Debug|Any CPU.ActiveCfg = Debug|Any CPU
		{42076C76-8E1C-460E-9D72-898ED5FB33CB}.Debug|Any CPU.Build.0 = Debug|Any CPU
		{42076C76-8E1C-460E-9D72-898ED5FB33CB}.Debug|ARM.ActiveCfg = Debug|Any CPU
		{42076C76-8E1C-460E-9D72-898ED5FB33CB}.Debug|iPhone.ActiveCfg = Debug|Any CPU
		{42076C76-8E1C-460E-9D72-898ED5FB33CB}.Debug|iPhoneSimulator.ActiveCfg = Debug|Any CPU
		{42076C76-8E1C-460E-9D72-898ED5FB33CB}.Debug|Mixed Platforms.ActiveCfg = Debug|Any CPU
		{42076C76-8E1C-460E-9D72-898ED5FB33CB}.Debug|Mixed Platforms.Build.0 = Debug|Any CPU
		{42076C76-8E1C-460E-9D72-898ED5FB33CB}.Debug|x86.ActiveCfg = Debug|Any CPU
		{42076C76-8E1C-460E-9D72-898ED5FB33CB}.Release|Any CPU.ActiveCfg = Release|Any CPU
		{42076C76-8E1C-460E-9D72-898ED5FB33CB}.Release|Any CPU.Build.0 = Release|Any CPU
		{42076C76-8E1C-460E-9D72-898ED5FB33CB}.Release|ARM.ActiveCfg = Release|Any CPU
		{42076C76-8E1C-460E-9D72-898ED5FB33CB}.Release|iPhone.ActiveCfg = Release|Any CPU
		{42076C76-8E1C-460E-9D72-898ED5FB33CB}.Release|iPhoneSimulator.ActiveCfg = Release|Any CPU
		{42076C76-8E1C-460E-9D72-898ED5FB33CB}.Release|Mixed Platforms.ActiveCfg = Release|Any CPU
		{42076C76-8E1C-460E-9D72-898ED5FB33CB}.Release|Mixed Platforms.Build.0 = Release|Any CPU
		{42076C76-8E1C-460E-9D72-898ED5FB33CB}.Release|x86.ActiveCfg = Release|Any CPU
		{0D5BF104-D322-4407-8391-CA8C6B7BE958}.Ad-Hoc|Any CPU.ActiveCfg = Release|Any CPU
		{0D5BF104-D322-4407-8391-CA8C6B7BE958}.Ad-Hoc|Any CPU.Build.0 = Release|Any CPU
		{0D5BF104-D322-4407-8391-CA8C6B7BE958}.Ad-Hoc|ARM.ActiveCfg = Release|Any CPU
		{0D5BF104-D322-4407-8391-CA8C6B7BE958}.Ad-Hoc|iPhone.ActiveCfg = Release|Any CPU
		{0D5BF104-D322-4407-8391-CA8C6B7BE958}.Ad-Hoc|iPhoneSimulator.ActiveCfg = Release|Any CPU
		{0D5BF104-D322-4407-8391-CA8C6B7BE958}.Ad-Hoc|Mixed Platforms.ActiveCfg = Release|Any CPU
		{0D5BF104-D322-4407-8391-CA8C6B7BE958}.Ad-Hoc|Mixed Platforms.Build.0 = Release|Any CPU
		{0D5BF104-D322-4407-8391-CA8C6B7BE958}.Ad-Hoc|x86.ActiveCfg = Release|Any CPU
		{0D5BF104-D322-4407-8391-CA8C6B7BE958}.AppStore|Any CPU.ActiveCfg = Release|Any CPU
		{0D5BF104-D322-4407-8391-CA8C6B7BE958}.AppStore|Any CPU.Build.0 = Release|Any CPU
		{0D5BF104-D322-4407-8391-CA8C6B7BE958}.AppStore|ARM.ActiveCfg = Release|Any CPU
		{0D5BF104-D322-4407-8391-CA8C6B7BE958}.AppStore|iPhone.ActiveCfg = Release|Any CPU
		{0D5BF104-D322-4407-8391-CA8C6B7BE958}.AppStore|iPhoneSimulator.ActiveCfg = Release|Any CPU
		{0D5BF104-D322-4407-8391-CA8C6B7BE958}.AppStore|Mixed Platforms.ActiveCfg = Release|Any CPU
		{0D5BF104-D322-4407-8391-CA8C6B7BE958}.AppStore|Mixed Platforms.Build.0 = Release|Any CPU
		{0D5BF104-D322-4407-8391-CA8C6B7BE958}.AppStore|x86.ActiveCfg = Release|Any CPU
		{0D5BF104-D322-4407-8391-CA8C6B7BE958}.Debug|Any CPU.ActiveCfg = Debug|Any CPU
		{0D5BF104-D322-4407-8391-CA8C6B7BE958}.Debug|Any CPU.Build.0 = Debug|Any CPU
		{0D5BF104-D322-4407-8391-CA8C6B7BE958}.Debug|ARM.ActiveCfg = Debug|Any CPU
		{0D5BF104-D322-4407-8391-CA8C6B7BE958}.Debug|iPhone.ActiveCfg = Debug|Any CPU
		{0D5BF104-D322-4407-8391-CA8C6B7BE958}.Debug|iPhoneSimulator.ActiveCfg = Debug|Any CPU
		{0D5BF104-D322-4407-8391-CA8C6B7BE958}.Debug|Mixed Platforms.ActiveCfg = Debug|Any CPU
		{0D5BF104-D322-4407-8391-CA8C6B7BE958}.Debug|Mixed Platforms.Build.0 = Debug|Any CPU
		{0D5BF104-D322-4407-8391-CA8C6B7BE958}.Debug|x86.ActiveCfg = Debug|Any CPU
		{0D5BF104-D322-4407-8391-CA8C6B7BE958}.Release|Any CPU.ActiveCfg = Release|Any CPU
		{0D5BF104-D322-4407-8391-CA8C6B7BE958}.Release|Any CPU.Build.0 = Release|Any CPU
		{0D5BF104-D322-4407-8391-CA8C6B7BE958}.Release|ARM.ActiveCfg = Release|Any CPU
		{0D5BF104-D322-4407-8391-CA8C6B7BE958}.Release|iPhone.ActiveCfg = Release|Any CPU
		{0D5BF104-D322-4407-8391-CA8C6B7BE958}.Release|iPhoneSimulator.ActiveCfg = Release|Any CPU
		{0D5BF104-D322-4407-8391-CA8C6B7BE958}.Release|Mixed Platforms.ActiveCfg = Release|Any CPU
		{0D5BF104-D322-4407-8391-CA8C6B7BE958}.Release|Mixed Platforms.Build.0 = Release|Any CPU
		{0D5BF104-D322-4407-8391-CA8C6B7BE958}.Release|x86.ActiveCfg = Release|Any CPU
		{A2C7F1E8-AF8C-400E-95B5-2BF007E905CE}.Ad-Hoc|Any CPU.ActiveCfg = Release|Any CPU
		{A2C7F1E8-AF8C-400E-95B5-2BF007E905CE}.Ad-Hoc|Any CPU.Build.0 = Release|Any CPU
		{A2C7F1E8-AF8C-400E-95B5-2BF007E905CE}.Ad-Hoc|Any CPU.Deploy.0 = Release|Any CPU
		{A2C7F1E8-AF8C-400E-95B5-2BF007E905CE}.Ad-Hoc|ARM.ActiveCfg = Release|ARM
		{A2C7F1E8-AF8C-400E-95B5-2BF007E905CE}.Ad-Hoc|ARM.Build.0 = Release|ARM
		{A2C7F1E8-AF8C-400E-95B5-2BF007E905CE}.Ad-Hoc|ARM.Deploy.0 = Release|ARM
		{A2C7F1E8-AF8C-400E-95B5-2BF007E905CE}.Ad-Hoc|iPhone.ActiveCfg = Release|Any CPU
		{A2C7F1E8-AF8C-400E-95B5-2BF007E905CE}.Ad-Hoc|iPhoneSimulator.ActiveCfg = Release|Any CPU
		{A2C7F1E8-AF8C-400E-95B5-2BF007E905CE}.Ad-Hoc|Mixed Platforms.ActiveCfg = Release|x86
		{A2C7F1E8-AF8C-400E-95B5-2BF007E905CE}.Ad-Hoc|Mixed Platforms.Build.0 = Release|x86
		{A2C7F1E8-AF8C-400E-95B5-2BF007E905CE}.Ad-Hoc|Mixed Platforms.Deploy.0 = Release|x86
		{A2C7F1E8-AF8C-400E-95B5-2BF007E905CE}.Ad-Hoc|x86.ActiveCfg = Release|x86
		{A2C7F1E8-AF8C-400E-95B5-2BF007E905CE}.Ad-Hoc|x86.Build.0 = Release|x86
		{A2C7F1E8-AF8C-400E-95B5-2BF007E905CE}.Ad-Hoc|x86.Deploy.0 = Release|x86
		{A2C7F1E8-AF8C-400E-95B5-2BF007E905CE}.AppStore|Any CPU.ActiveCfg = Release|Any CPU
		{A2C7F1E8-AF8C-400E-95B5-2BF007E905CE}.AppStore|Any CPU.Build.0 = Release|Any CPU
		{A2C7F1E8-AF8C-400E-95B5-2BF007E905CE}.AppStore|Any CPU.Deploy.0 = Release|Any CPU
		{A2C7F1E8-AF8C-400E-95B5-2BF007E905CE}.AppStore|ARM.ActiveCfg = Release|ARM
		{A2C7F1E8-AF8C-400E-95B5-2BF007E905CE}.AppStore|ARM.Build.0 = Release|ARM
		{A2C7F1E8-AF8C-400E-95B5-2BF007E905CE}.AppStore|ARM.Deploy.0 = Release|ARM
		{A2C7F1E8-AF8C-400E-95B5-2BF007E905CE}.AppStore|iPhone.ActiveCfg = Release|Any CPU
		{A2C7F1E8-AF8C-400E-95B5-2BF007E905CE}.AppStore|iPhoneSimulator.ActiveCfg = Release|Any CPU
		{A2C7F1E8-AF8C-400E-95B5-2BF007E905CE}.AppStore|Mixed Platforms.ActiveCfg = Release|x86
		{A2C7F1E8-AF8C-400E-95B5-2BF007E905CE}.AppStore|Mixed Platforms.Build.0 = Release|x86
		{A2C7F1E8-AF8C-400E-95B5-2BF007E905CE}.AppStore|Mixed Platforms.Deploy.0 = Release|x86
		{A2C7F1E8-AF8C-400E-95B5-2BF007E905CE}.AppStore|x86.ActiveCfg = Release|x86
		{A2C7F1E8-AF8C-400E-95B5-2BF007E905CE}.AppStore|x86.Build.0 = Release|x86
		{A2C7F1E8-AF8C-400E-95B5-2BF007E905CE}.AppStore|x86.Deploy.0 = Release|x86
		{A2C7F1E8-AF8C-400E-95B5-2BF007E905CE}.Debug|Any CPU.ActiveCfg = Debug|Any CPU
		{A2C7F1E8-AF8C-400E-95B5-2BF007E905CE}.Debug|Any CPU.Build.0 = Debug|Any CPU
		{A2C7F1E8-AF8C-400E-95B5-2BF007E905CE}.Debug|Any CPU.Deploy.0 = Debug|Any CPU
		{A2C7F1E8-AF8C-400E-95B5-2BF007E905CE}.Debug|ARM.ActiveCfg = Debug|ARM
		{A2C7F1E8-AF8C-400E-95B5-2BF007E905CE}.Debug|ARM.Build.0 = Debug|ARM
		{A2C7F1E8-AF8C-400E-95B5-2BF007E905CE}.Debug|ARM.Deploy.0 = Debug|ARM
		{A2C7F1E8-AF8C-400E-95B5-2BF007E905CE}.Debug|iPhone.ActiveCfg = Debug|Any CPU
		{A2C7F1E8-AF8C-400E-95B5-2BF007E905CE}.Debug|iPhoneSimulator.ActiveCfg = Debug|Any CPU
		{A2C7F1E8-AF8C-400E-95B5-2BF007E905CE}.Debug|Mixed Platforms.ActiveCfg = Debug|x86
		{A2C7F1E8-AF8C-400E-95B5-2BF007E905CE}.Debug|Mixed Platforms.Build.0 = Debug|x86
		{A2C7F1E8-AF8C-400E-95B5-2BF007E905CE}.Debug|Mixed Platforms.Deploy.0 = Debug|x86
		{A2C7F1E8-AF8C-400E-95B5-2BF007E905CE}.Debug|x86.ActiveCfg = Debug|x86
		{A2C7F1E8-AF8C-400E-95B5-2BF007E905CE}.Debug|x86.Build.0 = Debug|x86
		{A2C7F1E8-AF8C-400E-95B5-2BF007E905CE}.Debug|x86.Deploy.0 = Debug|x86
		{A2C7F1E8-AF8C-400E-95B5-2BF007E905CE}.Release|Any CPU.ActiveCfg = Release|Any CPU
		{A2C7F1E8-AF8C-400E-95B5-2BF007E905CE}.Release|Any CPU.Build.0 = Release|Any CPU
		{A2C7F1E8-AF8C-400E-95B5-2BF007E905CE}.Release|Any CPU.Deploy.0 = Release|Any CPU
		{A2C7F1E8-AF8C-400E-95B5-2BF007E905CE}.Release|ARM.ActiveCfg = Release|ARM
		{A2C7F1E8-AF8C-400E-95B5-2BF007E905CE}.Release|ARM.Build.0 = Release|ARM
		{A2C7F1E8-AF8C-400E-95B5-2BF007E905CE}.Release|ARM.Deploy.0 = Release|ARM
		{A2C7F1E8-AF8C-400E-95B5-2BF007E905CE}.Release|iPhone.ActiveCfg = Release|Any CPU
		{A2C7F1E8-AF8C-400E-95B5-2BF007E905CE}.Release|iPhoneSimulator.ActiveCfg = Release|Any CPU
		{A2C7F1E8-AF8C-400E-95B5-2BF007E905CE}.Release|Mixed Platforms.ActiveCfg = Release|x86
		{A2C7F1E8-AF8C-400E-95B5-2BF007E905CE}.Release|Mixed Platforms.Build.0 = Release|x86
		{A2C7F1E8-AF8C-400E-95B5-2BF007E905CE}.Release|Mixed Platforms.Deploy.0 = Release|x86
		{A2C7F1E8-AF8C-400E-95B5-2BF007E905CE}.Release|x86.ActiveCfg = Release|x86
		{A2C7F1E8-AF8C-400E-95B5-2BF007E905CE}.Release|x86.Build.0 = Release|x86
		{A2C7F1E8-AF8C-400E-95B5-2BF007E905CE}.Release|x86.Deploy.0 = Release|x86
		{DD2EFD31-5F02-4E07-A106-AB37EB1B9DB6}.Ad-Hoc|Any CPU.ActiveCfg = Ad-Hoc|iPhone
		{DD2EFD31-5F02-4E07-A106-AB37EB1B9DB6}.Ad-Hoc|ARM.ActiveCfg = Ad-Hoc|iPhone
		{DD2EFD31-5F02-4E07-A106-AB37EB1B9DB6}.Ad-Hoc|iPhone.ActiveCfg = Ad-Hoc|iPhone
		{DD2EFD31-5F02-4E07-A106-AB37EB1B9DB6}.Ad-Hoc|iPhone.Build.0 = Ad-Hoc|iPhone
		{DD2EFD31-5F02-4E07-A106-AB37EB1B9DB6}.Ad-Hoc|iPhoneSimulator.ActiveCfg = Ad-Hoc|iPhoneSimulator
		{DD2EFD31-5F02-4E07-A106-AB37EB1B9DB6}.Ad-Hoc|iPhoneSimulator.Build.0 = Ad-Hoc|iPhoneSimulator
		{DD2EFD31-5F02-4E07-A106-AB37EB1B9DB6}.Ad-Hoc|Mixed Platforms.ActiveCfg = Ad-Hoc|iPhone
		{DD2EFD31-5F02-4E07-A106-AB37EB1B9DB6}.Ad-Hoc|Mixed Platforms.Build.0 = Ad-Hoc|iPhone
		{DD2EFD31-5F02-4E07-A106-AB37EB1B9DB6}.Ad-Hoc|x86.ActiveCfg = Ad-Hoc|iPhone
		{DD2EFD31-5F02-4E07-A106-AB37EB1B9DB6}.AppStore|Any CPU.ActiveCfg = AppStore|iPhone
		{DD2EFD31-5F02-4E07-A106-AB37EB1B9DB6}.AppStore|ARM.ActiveCfg = AppStore|iPhone
		{DD2EFD31-5F02-4E07-A106-AB37EB1B9DB6}.AppStore|iPhone.ActiveCfg = AppStore|iPhone
		{DD2EFD31-5F02-4E07-A106-AB37EB1B9DB6}.AppStore|iPhone.Build.0 = AppStore|iPhone
		{DD2EFD31-5F02-4E07-A106-AB37EB1B9DB6}.AppStore|iPhoneSimulator.ActiveCfg = AppStore|iPhoneSimulator
		{DD2EFD31-5F02-4E07-A106-AB37EB1B9DB6}.AppStore|iPhoneSimulator.Build.0 = AppStore|iPhoneSimulator
		{DD2EFD31-5F02-4E07-A106-AB37EB1B9DB6}.AppStore|Mixed Platforms.ActiveCfg = AppStore|iPhone
		{DD2EFD31-5F02-4E07-A106-AB37EB1B9DB6}.AppStore|Mixed Platforms.Build.0 = AppStore|iPhone
		{DD2EFD31-5F02-4E07-A106-AB37EB1B9DB6}.AppStore|x86.ActiveCfg = AppStore|iPhone
		{DD2EFD31-5F02-4E07-A106-AB37EB1B9DB6}.Debug|Any CPU.ActiveCfg = Debug|iPhone
		{DD2EFD31-5F02-4E07-A106-AB37EB1B9DB6}.Debug|ARM.ActiveCfg = Debug|iPhone
		{DD2EFD31-5F02-4E07-A106-AB37EB1B9DB6}.Debug|iPhone.ActiveCfg = Debug|iPhone
		{DD2EFD31-5F02-4E07-A106-AB37EB1B9DB6}.Debug|iPhone.Build.0 = Debug|iPhone
		{DD2EFD31-5F02-4E07-A106-AB37EB1B9DB6}.Debug|iPhoneSimulator.ActiveCfg = Debug|iPhoneSimulator
		{DD2EFD31-5F02-4E07-A106-AB37EB1B9DB6}.Debug|iPhoneSimulator.Build.0 = Debug|iPhoneSimulator
		{DD2EFD31-5F02-4E07-A106-AB37EB1B9DB6}.Debug|Mixed Platforms.ActiveCfg = Debug|iPhone
		{DD2EFD31-5F02-4E07-A106-AB37EB1B9DB6}.Debug|Mixed Platforms.Build.0 = Debug|iPhone
		{DD2EFD31-5F02-4E07-A106-AB37EB1B9DB6}.Debug|x86.ActiveCfg = Debug|iPhone
		{DD2EFD31-5F02-4E07-A106-AB37EB1B9DB6}.Release|Any CPU.ActiveCfg = Release|iPhone
		{DD2EFD31-5F02-4E07-A106-AB37EB1B9DB6}.Release|ARM.ActiveCfg = Release|iPhone
		{DD2EFD31-5F02-4E07-A106-AB37EB1B9DB6}.Release|iPhone.ActiveCfg = Release|iPhone
		{DD2EFD31-5F02-4E07-A106-AB37EB1B9DB6}.Release|iPhone.Build.0 = Release|iPhone
		{DD2EFD31-5F02-4E07-A106-AB37EB1B9DB6}.Release|iPhoneSimulator.ActiveCfg = Release|iPhoneSimulator
		{DD2EFD31-5F02-4E07-A106-AB37EB1B9DB6}.Release|iPhoneSimulator.Build.0 = Release|iPhoneSimulator
		{DD2EFD31-5F02-4E07-A106-AB37EB1B9DB6}.Release|Mixed Platforms.ActiveCfg = Release|iPhone
		{DD2EFD31-5F02-4E07-A106-AB37EB1B9DB6}.Release|Mixed Platforms.Build.0 = Release|iPhone
		{DD2EFD31-5F02-4E07-A106-AB37EB1B9DB6}.Release|x86.ActiveCfg = Release|iPhone
		{F8D7285C-32ED-46B0-8296-8C4EDFEE071F}.Ad-Hoc|Any CPU.ActiveCfg = Release|Any CPU
		{F8D7285C-32ED-46B0-8296-8C4EDFEE071F}.Ad-Hoc|Any CPU.Build.0 = Release|Any CPU
		{F8D7285C-32ED-46B0-8296-8C4EDFEE071F}.Ad-Hoc|Any CPU.Deploy.0 = Release|Any CPU
		{F8D7285C-32ED-46B0-8296-8C4EDFEE071F}.Ad-Hoc|ARM.ActiveCfg = Release|Any CPU
		{F8D7285C-32ED-46B0-8296-8C4EDFEE071F}.Ad-Hoc|iPhone.ActiveCfg = Release|Any CPU
		{F8D7285C-32ED-46B0-8296-8C4EDFEE071F}.Ad-Hoc|iPhoneSimulator.ActiveCfg = Release|Any CPU
		{F8D7285C-32ED-46B0-8296-8C4EDFEE071F}.Ad-Hoc|Mixed Platforms.ActiveCfg = Release|Any CPU
		{F8D7285C-32ED-46B0-8296-8C4EDFEE071F}.Ad-Hoc|Mixed Platforms.Build.0 = Release|Any CPU
		{F8D7285C-32ED-46B0-8296-8C4EDFEE071F}.Ad-Hoc|Mixed Platforms.Deploy.0 = Release|Any CPU
		{F8D7285C-32ED-46B0-8296-8C4EDFEE071F}.Ad-Hoc|x86.ActiveCfg = Release|Any CPU
		{F8D7285C-32ED-46B0-8296-8C4EDFEE071F}.AppStore|Any CPU.ActiveCfg = Release|Any CPU
		{F8D7285C-32ED-46B0-8296-8C4EDFEE071F}.AppStore|Any CPU.Build.0 = Release|Any CPU
		{F8D7285C-32ED-46B0-8296-8C4EDFEE071F}.AppStore|Any CPU.Deploy.0 = Release|Any CPU
		{F8D7285C-32ED-46B0-8296-8C4EDFEE071F}.AppStore|ARM.ActiveCfg = Release|Any CPU
		{F8D7285C-32ED-46B0-8296-8C4EDFEE071F}.AppStore|iPhone.ActiveCfg = Release|Any CPU
		{F8D7285C-32ED-46B0-8296-8C4EDFEE071F}.AppStore|iPhoneSimulator.ActiveCfg = Release|Any CPU
		{F8D7285C-32ED-46B0-8296-8C4EDFEE071F}.AppStore|Mixed Platforms.ActiveCfg = Release|Any CPU
		{F8D7285C-32ED-46B0-8296-8C4EDFEE071F}.AppStore|Mixed Platforms.Build.0 = Release|Any CPU
		{F8D7285C-32ED-46B0-8296-8C4EDFEE071F}.AppStore|Mixed Platforms.Deploy.0 = Release|Any CPU
		{F8D7285C-32ED-46B0-8296-8C4EDFEE071F}.AppStore|x86.ActiveCfg = Release|Any CPU
		{F8D7285C-32ED-46B0-8296-8C4EDFEE071F}.Debug|Any CPU.ActiveCfg = Debug|Any CPU
		{F8D7285C-32ED-46B0-8296-8C4EDFEE071F}.Debug|Any CPU.Build.0 = Debug|Any CPU
		{F8D7285C-32ED-46B0-8296-8C4EDFEE071F}.Debug|Any CPU.Deploy.0 = Debug|Any CPU
		{F8D7285C-32ED-46B0-8296-8C4EDFEE071F}.Debug|ARM.ActiveCfg = Debug|Any CPU
		{F8D7285C-32ED-46B0-8296-8C4EDFEE071F}.Debug|iPhone.ActiveCfg = Debug|Any CPU
		{F8D7285C-32ED-46B0-8296-8C4EDFEE071F}.Debug|iPhoneSimulator.ActiveCfg = Debug|Any CPU
		{F8D7285C-32ED-46B0-8296-8C4EDFEE071F}.Debug|Mixed Platforms.ActiveCfg = Debug|Any CPU
		{F8D7285C-32ED-46B0-8296-8C4EDFEE071F}.Debug|Mixed Platforms.Build.0 = Debug|Any CPU
		{F8D7285C-32ED-46B0-8296-8C4EDFEE071F}.Debug|Mixed Platforms.Deploy.0 = Debug|Any CPU
		{F8D7285C-32ED-46B0-8296-8C4EDFEE071F}.Debug|x86.ActiveCfg = Debug|Any CPU
		{F8D7285C-32ED-46B0-8296-8C4EDFEE071F}.Release|Any CPU.ActiveCfg = Release|Any CPU
		{F8D7285C-32ED-46B0-8296-8C4EDFEE071F}.Release|Any CPU.Build.0 = Release|Any CPU
		{F8D7285C-32ED-46B0-8296-8C4EDFEE071F}.Release|Any CPU.Deploy.0 = Release|Any CPU
		{F8D7285C-32ED-46B0-8296-8C4EDFEE071F}.Release|ARM.ActiveCfg = Release|Any CPU
		{F8D7285C-32ED-46B0-8296-8C4EDFEE071F}.Release|iPhone.ActiveCfg = Release|Any CPU
		{F8D7285C-32ED-46B0-8296-8C4EDFEE071F}.Release|iPhoneSimulator.ActiveCfg = Release|Any CPU
		{F8D7285C-32ED-46B0-8296-8C4EDFEE071F}.Release|Mixed Platforms.ActiveCfg = Release|Any CPU
		{F8D7285C-32ED-46B0-8296-8C4EDFEE071F}.Release|Mixed Platforms.Build.0 = Release|Any CPU
		{F8D7285C-32ED-46B0-8296-8C4EDFEE071F}.Release|Mixed Platforms.Deploy.0 = Release|Any CPU
		{F8D7285C-32ED-46B0-8296-8C4EDFEE071F}.Release|x86.ActiveCfg = Release|Any CPU
		{21374BBA-1987-4FF0-A22E-E7F847E95C72}.Ad-Hoc|Any CPU.ActiveCfg = Release|Any CPU
		{21374BBA-1987-4FF0-A22E-E7F847E95C72}.Ad-Hoc|Any CPU.Build.0 = Release|Any CPU
		{21374BBA-1987-4FF0-A22E-E7F847E95C72}.Ad-Hoc|Any CPU.Deploy.0 = Release|Any CPU
		{21374BBA-1987-4FF0-A22E-E7F847E95C72}.Ad-Hoc|ARM.ActiveCfg = Release|ARM
		{21374BBA-1987-4FF0-A22E-E7F847E95C72}.Ad-Hoc|ARM.Build.0 = Release|ARM
		{21374BBA-1987-4FF0-A22E-E7F847E95C72}.Ad-Hoc|ARM.Deploy.0 = Release|ARM
		{21374BBA-1987-4FF0-A22E-E7F847E95C72}.Ad-Hoc|iPhone.ActiveCfg = Release|Any CPU
		{21374BBA-1987-4FF0-A22E-E7F847E95C72}.Ad-Hoc|iPhoneSimulator.ActiveCfg = Release|Any CPU
		{21374BBA-1987-4FF0-A22E-E7F847E95C72}.Ad-Hoc|Mixed Platforms.ActiveCfg = Release|x86
		{21374BBA-1987-4FF0-A22E-E7F847E95C72}.Ad-Hoc|Mixed Platforms.Build.0 = Release|x86
		{21374BBA-1987-4FF0-A22E-E7F847E95C72}.Ad-Hoc|Mixed Platforms.Deploy.0 = Release|x86
		{21374BBA-1987-4FF0-A22E-E7F847E95C72}.Ad-Hoc|x86.ActiveCfg = Release|x86
		{21374BBA-1987-4FF0-A22E-E7F847E95C72}.Ad-Hoc|x86.Build.0 = Release|x86
		{21374BBA-1987-4FF0-A22E-E7F847E95C72}.Ad-Hoc|x86.Deploy.0 = Release|x86
		{21374BBA-1987-4FF0-A22E-E7F847E95C72}.AppStore|Any CPU.ActiveCfg = Release|Any CPU
		{21374BBA-1987-4FF0-A22E-E7F847E95C72}.AppStore|Any CPU.Build.0 = Release|Any CPU
		{21374BBA-1987-4FF0-A22E-E7F847E95C72}.AppStore|Any CPU.Deploy.0 = Release|Any CPU
		{21374BBA-1987-4FF0-A22E-E7F847E95C72}.AppStore|ARM.ActiveCfg = Release|ARM
		{21374BBA-1987-4FF0-A22E-E7F847E95C72}.AppStore|ARM.Build.0 = Release|ARM
		{21374BBA-1987-4FF0-A22E-E7F847E95C72}.AppStore|ARM.Deploy.0 = Release|ARM
		{21374BBA-1987-4FF0-A22E-E7F847E95C72}.AppStore|iPhone.ActiveCfg = Release|Any CPU
		{21374BBA-1987-4FF0-A22E-E7F847E95C72}.AppStore|iPhoneSimulator.ActiveCfg = Release|Any CPU
		{21374BBA-1987-4FF0-A22E-E7F847E95C72}.AppStore|Mixed Platforms.ActiveCfg = Release|x86
		{21374BBA-1987-4FF0-A22E-E7F847E95C72}.AppStore|Mixed Platforms.Build.0 = Release|x86
		{21374BBA-1987-4FF0-A22E-E7F847E95C72}.AppStore|Mixed Platforms.Deploy.0 = Release|x86
		{21374BBA-1987-4FF0-A22E-E7F847E95C72}.AppStore|x86.ActiveCfg = Release|x86
		{21374BBA-1987-4FF0-A22E-E7F847E95C72}.AppStore|x86.Build.0 = Release|x86
		{21374BBA-1987-4FF0-A22E-E7F847E95C72}.AppStore|x86.Deploy.0 = Release|x86
		{21374BBA-1987-4FF0-A22E-E7F847E95C72}.Debug|Any CPU.ActiveCfg = Debug|Any CPU
		{21374BBA-1987-4FF0-A22E-E7F847E95C72}.Debug|Any CPU.Build.0 = Debug|Any CPU
		{21374BBA-1987-4FF0-A22E-E7F847E95C72}.Debug|Any CPU.Deploy.0 = Debug|Any CPU
		{21374BBA-1987-4FF0-A22E-E7F847E95C72}.Debug|ARM.ActiveCfg = Debug|ARM
		{21374BBA-1987-4FF0-A22E-E7F847E95C72}.Debug|ARM.Build.0 = Debug|ARM
		{21374BBA-1987-4FF0-A22E-E7F847E95C72}.Debug|ARM.Deploy.0 = Debug|ARM
		{21374BBA-1987-4FF0-A22E-E7F847E95C72}.Debug|iPhone.ActiveCfg = Debug|Any CPU
		{21374BBA-1987-4FF0-A22E-E7F847E95C72}.Debug|iPhoneSimulator.ActiveCfg = Debug|Any CPU
		{21374BBA-1987-4FF0-A22E-E7F847E95C72}.Debug|Mixed Platforms.ActiveCfg = Debug|x86
		{21374BBA-1987-4FF0-A22E-E7F847E95C72}.Debug|Mixed Platforms.Build.0 = Debug|x86
		{21374BBA-1987-4FF0-A22E-E7F847E95C72}.Debug|Mixed Platforms.Deploy.0 = Debug|x86
		{21374BBA-1987-4FF0-A22E-E7F847E95C72}.Debug|x86.ActiveCfg = Debug|x86
		{21374BBA-1987-4FF0-A22E-E7F847E95C72}.Debug|x86.Build.0 = Debug|x86
		{21374BBA-1987-4FF0-A22E-E7F847E95C72}.Debug|x86.Deploy.0 = Debug|x86
		{21374BBA-1987-4FF0-A22E-E7F847E95C72}.Release|Any CPU.ActiveCfg = Release|Any CPU
		{21374BBA-1987-4FF0-A22E-E7F847E95C72}.Release|Any CPU.Build.0 = Release|Any CPU
		{21374BBA-1987-4FF0-A22E-E7F847E95C72}.Release|Any CPU.Deploy.0 = Release|Any CPU
		{21374BBA-1987-4FF0-A22E-E7F847E95C72}.Release|ARM.ActiveCfg = Release|ARM
		{21374BBA-1987-4FF0-A22E-E7F847E95C72}.Release|ARM.Build.0 = Release|ARM
		{21374BBA-1987-4FF0-A22E-E7F847E95C72}.Release|ARM.Deploy.0 = Release|ARM
		{21374BBA-1987-4FF0-A22E-E7F847E95C72}.Release|iPhone.ActiveCfg = Release|Any CPU
		{21374BBA-1987-4FF0-A22E-E7F847E95C72}.Release|iPhoneSimulator.ActiveCfg = Release|Any CPU
		{21374BBA-1987-4FF0-A22E-E7F847E95C72}.Release|Mixed Platforms.ActiveCfg = Release|x86
		{21374BBA-1987-4FF0-A22E-E7F847E95C72}.Release|Mixed Platforms.Build.0 = Release|x86
		{21374BBA-1987-4FF0-A22E-E7F847E95C72}.Release|Mixed Platforms.Deploy.0 = Release|x86
		{21374BBA-1987-4FF0-A22E-E7F847E95C72}.Release|x86.ActiveCfg = Release|x86
		{21374BBA-1987-4FF0-A22E-E7F847E95C72}.Release|x86.Build.0 = Release|x86
		{21374BBA-1987-4FF0-A22E-E7F847E95C72}.Release|x86.Deploy.0 = Release|x86
		{E7202B32-C35E-4367-B5E0-34BECC8B0E60}.Ad-Hoc|Any CPU.ActiveCfg = Ad-Hoc|iPhone
		{E7202B32-C35E-4367-B5E0-34BECC8B0E60}.Ad-Hoc|ARM.ActiveCfg = Ad-Hoc|iPhone
		{E7202B32-C35E-4367-B5E0-34BECC8B0E60}.Ad-Hoc|iPhone.ActiveCfg = Ad-Hoc|iPhone
		{E7202B32-C35E-4367-B5E0-34BECC8B0E60}.Ad-Hoc|iPhone.Build.0 = Ad-Hoc|iPhone
		{E7202B32-C35E-4367-B5E0-34BECC8B0E60}.Ad-Hoc|iPhoneSimulator.ActiveCfg = Ad-Hoc|iPhoneSimulator
		{E7202B32-C35E-4367-B5E0-34BECC8B0E60}.Ad-Hoc|iPhoneSimulator.Build.0 = Ad-Hoc|iPhoneSimulator
		{E7202B32-C35E-4367-B5E0-34BECC8B0E60}.Ad-Hoc|Mixed Platforms.ActiveCfg = Ad-Hoc|iPhone
		{E7202B32-C35E-4367-B5E0-34BECC8B0E60}.Ad-Hoc|Mixed Platforms.Build.0 = Ad-Hoc|iPhone
		{E7202B32-C35E-4367-B5E0-34BECC8B0E60}.Ad-Hoc|x86.ActiveCfg = Ad-Hoc|iPhone
		{E7202B32-C35E-4367-B5E0-34BECC8B0E60}.AppStore|Any CPU.ActiveCfg = AppStore|iPhone
		{E7202B32-C35E-4367-B5E0-34BECC8B0E60}.AppStore|ARM.ActiveCfg = AppStore|iPhone
		{E7202B32-C35E-4367-B5E0-34BECC8B0E60}.AppStore|iPhone.ActiveCfg = AppStore|iPhone
		{E7202B32-C35E-4367-B5E0-34BECC8B0E60}.AppStore|iPhone.Build.0 = AppStore|iPhone
		{E7202B32-C35E-4367-B5E0-34BECC8B0E60}.AppStore|iPhoneSimulator.ActiveCfg = AppStore|iPhoneSimulator
		{E7202B32-C35E-4367-B5E0-34BECC8B0E60}.AppStore|iPhoneSimulator.Build.0 = AppStore|iPhoneSimulator
		{E7202B32-C35E-4367-B5E0-34BECC8B0E60}.AppStore|Mixed Platforms.ActiveCfg = AppStore|iPhone
		{E7202B32-C35E-4367-B5E0-34BECC8B0E60}.AppStore|Mixed Platforms.Build.0 = AppStore|iPhone
		{E7202B32-C35E-4367-B5E0-34BECC8B0E60}.AppStore|x86.ActiveCfg = AppStore|iPhone
		{E7202B32-C35E-4367-B5E0-34BECC8B0E60}.Debug|Any CPU.ActiveCfg = Debug|iPhone
		{E7202B32-C35E-4367-B5E0-34BECC8B0E60}.Debug|ARM.ActiveCfg = Debug|iPhone
		{E7202B32-C35E-4367-B5E0-34BECC8B0E60}.Debug|iPhone.ActiveCfg = Debug|iPhone
		{E7202B32-C35E-4367-B5E0-34BECC8B0E60}.Debug|iPhone.Build.0 = Debug|iPhone
		{E7202B32-C35E-4367-B5E0-34BECC8B0E60}.Debug|iPhoneSimulator.ActiveCfg = Debug|iPhoneSimulator
		{E7202B32-C35E-4367-B5E0-34BECC8B0E60}.Debug|iPhoneSimulator.Build.0 = Debug|iPhoneSimulator
		{E7202B32-C35E-4367-B5E0-34BECC8B0E60}.Debug|Mixed Platforms.ActiveCfg = Debug|iPhone
		{E7202B32-C35E-4367-B5E0-34BECC8B0E60}.Debug|Mixed Platforms.Build.0 = Debug|iPhone
		{E7202B32-C35E-4367-B5E0-34BECC8B0E60}.Debug|x86.ActiveCfg = Debug|iPhone
		{E7202B32-C35E-4367-B5E0-34BECC8B0E60}.Release|Any CPU.ActiveCfg = Release|iPhone
		{E7202B32-C35E-4367-B5E0-34BECC8B0E60}.Release|ARM.ActiveCfg = Release|iPhone
		{E7202B32-C35E-4367-B5E0-34BECC8B0E60}.Release|iPhone.ActiveCfg = Release|iPhone
		{E7202B32-C35E-4367-B5E0-34BECC8B0E60}.Release|iPhone.Build.0 = Release|iPhone
		{E7202B32-C35E-4367-B5E0-34BECC8B0E60}.Release|iPhoneSimulator.ActiveCfg = Release|iPhoneSimulator
		{E7202B32-C35E-4367-B5E0-34BECC8B0E60}.Release|iPhoneSimulator.Build.0 = Release|iPhoneSimulator
		{E7202B32-C35E-4367-B5E0-34BECC8B0E60}.Release|Mixed Platforms.ActiveCfg = Release|iPhone
		{E7202B32-C35E-4367-B5E0-34BECC8B0E60}.Release|Mixed Platforms.Build.0 = Release|iPhone
		{E7202B32-C35E-4367-B5E0-34BECC8B0E60}.Release|x86.ActiveCfg = Release|iPhone
		{C39AD65C-C69D-4B9D-9487-6A6445A2A923}.Ad-Hoc|Any CPU.ActiveCfg = Release|Any CPU
		{C39AD65C-C69D-4B9D-9487-6A6445A2A923}.Ad-Hoc|Any CPU.Build.0 = Release|Any CPU
		{C39AD65C-C69D-4B9D-9487-6A6445A2A923}.Ad-Hoc|Any CPU.Deploy.0 = Release|Any CPU
		{C39AD65C-C69D-4B9D-9487-6A6445A2A923}.Ad-Hoc|ARM.ActiveCfg = Release|Any CPU
		{C39AD65C-C69D-4B9D-9487-6A6445A2A923}.Ad-Hoc|iPhone.ActiveCfg = Release|Any CPU
		{C39AD65C-C69D-4B9D-9487-6A6445A2A923}.Ad-Hoc|iPhoneSimulator.ActiveCfg = Release|Any CPU
		{C39AD65C-C69D-4B9D-9487-6A6445A2A923}.Ad-Hoc|Mixed Platforms.ActiveCfg = Release|Any CPU
		{C39AD65C-C69D-4B9D-9487-6A6445A2A923}.Ad-Hoc|Mixed Platforms.Build.0 = Release|Any CPU
		{C39AD65C-C69D-4B9D-9487-6A6445A2A923}.Ad-Hoc|Mixed Platforms.Deploy.0 = Release|Any CPU
		{C39AD65C-C69D-4B9D-9487-6A6445A2A923}.Ad-Hoc|x86.ActiveCfg = Release|Any CPU
		{C39AD65C-C69D-4B9D-9487-6A6445A2A923}.AppStore|Any CPU.ActiveCfg = Release|Any CPU
		{C39AD65C-C69D-4B9D-9487-6A6445A2A923}.AppStore|Any CPU.Build.0 = Release|Any CPU
		{C39AD65C-C69D-4B9D-9487-6A6445A2A923}.AppStore|Any CPU.Deploy.0 = Release|Any CPU
		{C39AD65C-C69D-4B9D-9487-6A6445A2A923}.AppStore|ARM.ActiveCfg = Release|Any CPU
		{C39AD65C-C69D-4B9D-9487-6A6445A2A923}.AppStore|iPhone.ActiveCfg = Release|Any CPU
		{C39AD65C-C69D-4B9D-9487-6A6445A2A923}.AppStore|iPhoneSimulator.ActiveCfg = Release|Any CPU
		{C39AD65C-C69D-4B9D-9487-6A6445A2A923}.AppStore|Mixed Platforms.ActiveCfg = Release|Any CPU
		{C39AD65C-C69D-4B9D-9487-6A6445A2A923}.AppStore|Mixed Platforms.Build.0 = Release|Any CPU
		{C39AD65C-C69D-4B9D-9487-6A6445A2A923}.AppStore|Mixed Platforms.Deploy.0 = Release|Any CPU
		{C39AD65C-C69D-4B9D-9487-6A6445A2A923}.AppStore|x86.ActiveCfg = Release|Any CPU
		{C39AD65C-C69D-4B9D-9487-6A6445A2A923}.Debug|Any CPU.ActiveCfg = Debug|Any CPU
		{C39AD65C-C69D-4B9D-9487-6A6445A2A923}.Debug|Any CPU.Build.0 = Debug|Any CPU
		{C39AD65C-C69D-4B9D-9487-6A6445A2A923}.Debug|Any CPU.Deploy.0 = Debug|Any CPU
		{C39AD65C-C69D-4B9D-9487-6A6445A2A923}.Debug|ARM.ActiveCfg = Debug|Any CPU
		{C39AD65C-C69D-4B9D-9487-6A6445A2A923}.Debug|iPhone.ActiveCfg = Debug|Any CPU
		{C39AD65C-C69D-4B9D-9487-6A6445A2A923}.Debug|iPhoneSimulator.ActiveCfg = Debug|Any CPU
		{C39AD65C-C69D-4B9D-9487-6A6445A2A923}.Debug|Mixed Platforms.ActiveCfg = Debug|Any CPU
		{C39AD65C-C69D-4B9D-9487-6A6445A2A923}.Debug|Mixed Platforms.Build.0 = Debug|Any CPU
		{C39AD65C-C69D-4B9D-9487-6A6445A2A923}.Debug|Mixed Platforms.Deploy.0 = Debug|Any CPU
		{C39AD65C-C69D-4B9D-9487-6A6445A2A923}.Debug|x86.ActiveCfg = Debug|Any CPU
		{C39AD65C-C69D-4B9D-9487-6A6445A2A923}.Release|Any CPU.ActiveCfg = Release|Any CPU
		{C39AD65C-C69D-4B9D-9487-6A6445A2A923}.Release|Any CPU.Build.0 = Release|Any CPU
		{C39AD65C-C69D-4B9D-9487-6A6445A2A923}.Release|Any CPU.Deploy.0 = Release|Any CPU
		{C39AD65C-C69D-4B9D-9487-6A6445A2A923}.Release|ARM.ActiveCfg = Release|Any CPU
		{C39AD65C-C69D-4B9D-9487-6A6445A2A923}.Release|iPhone.ActiveCfg = Release|Any CPU
		{C39AD65C-C69D-4B9D-9487-6A6445A2A923}.Release|iPhoneSimulator.ActiveCfg = Release|Any CPU
		{C39AD65C-C69D-4B9D-9487-6A6445A2A923}.Release|Mixed Platforms.ActiveCfg = Release|Any CPU
		{C39AD65C-C69D-4B9D-9487-6A6445A2A923}.Release|Mixed Platforms.Build.0 = Release|Any CPU
		{C39AD65C-C69D-4B9D-9487-6A6445A2A923}.Release|Mixed Platforms.Deploy.0 = Release|Any CPU
		{C39AD65C-C69D-4B9D-9487-6A6445A2A923}.Release|x86.ActiveCfg = Release|Any CPU
		{67F9D3A8-F71E-4428-913F-C37AE82CDB24}.Ad-Hoc|Any CPU.ActiveCfg = Release|Any CPU
		{67F9D3A8-F71E-4428-913F-C37AE82CDB24}.Ad-Hoc|Any CPU.Build.0 = Release|Any CPU
		{67F9D3A8-F71E-4428-913F-C37AE82CDB24}.Ad-Hoc|ARM.ActiveCfg = Release|Any CPU
		{67F9D3A8-F71E-4428-913F-C37AE82CDB24}.Ad-Hoc|iPhone.ActiveCfg = Release|Any CPU
		{67F9D3A8-F71E-4428-913F-C37AE82CDB24}.Ad-Hoc|iPhoneSimulator.ActiveCfg = Release|Any CPU
		{67F9D3A8-F71E-4428-913F-C37AE82CDB24}.Ad-Hoc|Mixed Platforms.ActiveCfg = Release|Any CPU
		{67F9D3A8-F71E-4428-913F-C37AE82CDB24}.Ad-Hoc|Mixed Platforms.Build.0 = Release|Any CPU
		{67F9D3A8-F71E-4428-913F-C37AE82CDB24}.Ad-Hoc|x86.ActiveCfg = Release|Any CPU
		{67F9D3A8-F71E-4428-913F-C37AE82CDB24}.AppStore|Any CPU.ActiveCfg = Release|Any CPU
		{67F9D3A8-F71E-4428-913F-C37AE82CDB24}.AppStore|Any CPU.Build.0 = Release|Any CPU
		{67F9D3A8-F71E-4428-913F-C37AE82CDB24}.AppStore|ARM.ActiveCfg = Release|Any CPU
		{67F9D3A8-F71E-4428-913F-C37AE82CDB24}.AppStore|iPhone.ActiveCfg = Release|Any CPU
		{67F9D3A8-F71E-4428-913F-C37AE82CDB24}.AppStore|iPhoneSimulator.ActiveCfg = Release|Any CPU
		{67F9D3A8-F71E-4428-913F-C37AE82CDB24}.AppStore|Mixed Platforms.ActiveCfg = Release|Any CPU
		{67F9D3A8-F71E-4428-913F-C37AE82CDB24}.AppStore|Mixed Platforms.Build.0 = Release|Any CPU
		{67F9D3A8-F71E-4428-913F-C37AE82CDB24}.AppStore|x86.ActiveCfg = Release|Any CPU
		{67F9D3A8-F71E-4428-913F-C37AE82CDB24}.Debug|Any CPU.ActiveCfg = Debug|Any CPU
		{67F9D3A8-F71E-4428-913F-C37AE82CDB24}.Debug|Any CPU.Build.0 = Debug|Any CPU
		{67F9D3A8-F71E-4428-913F-C37AE82CDB24}.Debug|ARM.ActiveCfg = Debug|Any CPU
		{67F9D3A8-F71E-4428-913F-C37AE82CDB24}.Debug|iPhone.ActiveCfg = Debug|Any CPU
		{67F9D3A8-F71E-4428-913F-C37AE82CDB24}.Debug|iPhoneSimulator.ActiveCfg = Debug|Any CPU
		{67F9D3A8-F71E-4428-913F-C37AE82CDB24}.Debug|Mixed Platforms.ActiveCfg = Debug|Any CPU
		{67F9D3A8-F71E-4428-913F-C37AE82CDB24}.Debug|Mixed Platforms.Build.0 = Debug|Any CPU
		{67F9D3A8-F71E-4428-913F-C37AE82CDB24}.Debug|x86.ActiveCfg = Debug|Any CPU
		{67F9D3A8-F71E-4428-913F-C37AE82CDB24}.Release|Any CPU.ActiveCfg = Release|Any CPU
		{67F9D3A8-F71E-4428-913F-C37AE82CDB24}.Release|Any CPU.Build.0 = Release|Any CPU
		{67F9D3A8-F71E-4428-913F-C37AE82CDB24}.Release|ARM.ActiveCfg = Release|Any CPU
		{67F9D3A8-F71E-4428-913F-C37AE82CDB24}.Release|iPhone.ActiveCfg = Release|Any CPU
		{67F9D3A8-F71E-4428-913F-C37AE82CDB24}.Release|iPhoneSimulator.ActiveCfg = Release|Any CPU
		{67F9D3A8-F71E-4428-913F-C37AE82CDB24}.Release|Mixed Platforms.ActiveCfg = Release|Any CPU
		{67F9D3A8-F71E-4428-913F-C37AE82CDB24}.Release|Mixed Platforms.Build.0 = Release|Any CPU
		{67F9D3A8-F71E-4428-913F-C37AE82CDB24}.Release|x86.ActiveCfg = Release|Any CPU
	EndGlobalSection
	GlobalSection(SolutionProperties) = preSolution
		HideSolutionNode = FALSE
	EndGlobalSection
	GlobalSection(NestedProjects) = preSolution
		{0D5BF104-D322-4407-8391-CA8C6B7BE958} = {E4273172-3DE5-46C4-81A7-C4B71582D09A}
		{A2C7F1E8-AF8C-400E-95B5-2BF007E905CE} = {B82594FF-9959-4E3A-86D6-19EE17B4B466}
		{DD2EFD31-5F02-4E07-A106-AB37EB1B9DB6} = {B82594FF-9959-4E3A-86D6-19EE17B4B466}
		{F8D7285C-32ED-46B0-8296-8C4EDFEE071F} = {B82594FF-9959-4E3A-86D6-19EE17B4B466}
		{21374BBA-1987-4FF0-A22E-E7F847E95C72} = {6B8CD9FB-0EA7-4889-B5BA-1C1E8D717457}
		{E7202B32-C35E-4367-B5E0-34BECC8B0E60} = {6B8CD9FB-0EA7-4889-B5BA-1C1E8D717457}
		{C39AD65C-C69D-4B9D-9487-6A6445A2A923} = {6B8CD9FB-0EA7-4889-B5BA-1C1E8D717457}
		{67F9D3A8-F71E-4428-913F-C37AE82CDB24} = {6B8CD9FB-0EA7-4889-B5BA-1C1E8D717457}
	EndGlobalSection
EndGlobal
